{
  "version": 4,
  "terraform_version": "1.0.10",
  "serial": 61,
  "lineage": "eb4b605c-ba7a-a25c-4ddb-8ba0fe98dc22",
  "outputs": {
    "aws_region": {
      "value": "us-west-2",
      "type": "string"
    },
    "cluster_name": {
      "value": "SimpleGoApp-cluster",
      "type": "string"
    },
    "dynamodb_role_arn": {
      "value": "arn:aws:iam::745193994333:role/SimpleGoApp-access-dynamodb-20220119051436376800000001",
      "type": "string"
    },
    "dynamodb_table_name": {
      "value": "EKS_TEST_TABLE",
      "type": "string"
    },
    "simple_go_app_namespace": {
      "value": "simple-go-app",
      "type": "string"
    },
    "simple_go_app_service_account_name": {
      "value": "simple-go-app-sa",
      "type": "string"
    }
  },
  "resources": [
    {
      "mode": "data",
      "type": "aws_availability_zones",
      "name": "available",
      "provider": "provider[\"registry.terraform.io/hashicorp/aws\"]",
      "instances": [
        {
          "schema_version": 0,
          "attributes": {
            "all_availability_zones": null,
            "exclude_names": null,
            "exclude_zone_ids": null,
            "filter": null,
            "group_names": [
              "us-west-2"
            ],
            "id": "us-west-2",
            "names": [
              "us-west-2a",
              "us-west-2b",
              "us-west-2c",
              "us-west-2d"
            ],
            "state": "available",
            "zone_ids": [
              "usw2-az2",
              "usw2-az1",
              "usw2-az3",
              "usw2-az4"
            ]
          },
          "sensitive_attributes": []
        }
      ]
    },
    {
      "mode": "data",
      "type": "aws_caller_identity",
      "name": "current",
      "provider": "provider[\"registry.terraform.io/hashicorp/aws\"]",
      "instances": [
        {
          "schema_version": 0,
          "attributes": {
            "account_id": "745193994333",
            "arn": "arn:aws:sts::745193994333:assumed-role/SiteReliabilityEngineer/1642569243379100000",
            "id": "745193994333",
            "user_id": "AROA23AIF7BO436Q6DDEC:1642569243379100000"
          },
          "sensitive_attributes": []
        }
      ]
    },
    {
      "mode": "data",
      "type": "aws_eks_cluster",
      "name": "envoy_cluster",
      "provider": "provider[\"registry.terraform.io/hashicorp/aws\"]",
      "instances": [
        {
          "schema_version": 0,
          "attributes": {
            "arn": "arn:aws:eks:us-west-2:745193994333:cluster/SimpleGoApp-cluster",
            "certificate_authority": [
              {
                "data": "LS0tLS1CRUdJTiBDRVJUSUZJQ0FURS0tLS0tCk1JSUM1ekNDQWMrZ0F3SUJBZ0lCQURBTkJna3Foa2lHOXcwQkFRc0ZBREFWTVJNd0VRWURWUVFERXdwcmRXSmwKY201bGRHVnpNQjRYRFRJeU1ERXhPVEEwTkRVeU5Wb1hEVE15TURFeE56QTBORFV5TlZvd0ZURVRNQkVHQTFVRQpBeE1LYTNWaVpYSnVaWFJsY3pDQ0FTSXdEUVlKS29aSWh2Y05BUUVCQlFBRGdnRVBBRENDQVFvQ2dnRUJBT2h6Cm1ZeUNLVHpSS1VGbS8xYlc5cEVDTE4vN0haOUdvN1dkWkttb0hVeXdEWjNpQWgza1RXOTQrQmhRWm9WaktBdUcKQlJON0pBcmtmZHY4NUZQRzRpTTV2VmlVVFZQdEJieWlSWDFzK0MxU2FNUjYwcXVwem9EYVNVd3ArM3UwcFRneAo5L1l0aS8zSGVVYWhhZElENVc3aEhhOU45K3diZEZGWmp6Wnd2cE1KdzJWdVVDVG9sM3E2SjNhN3NtQUliQnFJCjJrNFJtbEVkMm4xQXJQQ1lMelY2RG41NWNCRG1GNWF3MDU3cklKV2Z1UXFPdTA3UDVCejc1Zmdxd1pXLzJ3cFUKUjhjNm41cWZKU25NZGxQcHFyZUJMWUdMYUkzM0IvRkpCbmJmNWF2Z2ZGYVpQcXdNWWVLWGZjUUw3VTlJa0RLbwoxU1dmOEl6WmNnaXV5SGIwbWc4Q0F3RUFBYU5DTUVBd0RnWURWUjBQQVFIL0JBUURBZ0trTUE4R0ExVWRFd0VCCi93UUZNQU1CQWY4d0hRWURWUjBPQkJZRUZFNFVEcjg2akZCQ3RHKzlpM3RmRFRtdTN3aXlNQTBHQ1NxR1NJYjMKRFFFQkN3VUFBNElCQVFEam9RQkxKcEEvcEtCWDlhVDliaHNtZGpZWkhhRHZqWGNQTkdkbExkZ3Rob3JqS0dTVQpDZGg4OXc1UVpVYzJheTNKN0trQlp2Tk5qeFFqV2FxT1k5a2wrNzljMStpTEFoclo0Vk1QYmJoVWlURmJkYzRqCjJMZnhlYTdVM3hrLzlCajVEZ1BBN1JwT0VPMlErRG4xYXFPMDRUeE51Zm5RTk5yZDMycVBvcldmamU4dEZ4bEgKcXp2b3lOZkFuYWtGRDFpSVJoKzM3L0d1NXltYktDS1EyM2RBTHl3THRVYmhFS0lZbDRMRkloeGl1aTA4aXdyMgpmS3dsWHpwc2xxYlR2MGRtN2UrTG9vM1NJTGRJS1l4M0VaK1RPYXkxdHQvNG1QRDJrVVRMRzR1TCtRRUN3OGIyClhoUXY3azk4OWNNTVdPZ01KMTZkcVdwQ2VSaTJXZ0tJUDBrdwotLS0tLUVORCBDRVJUSUZJQ0FURS0tLS0tCg=="
              }
            ],
            "created_at": "2022-01-19 04:39:21.721 +0000 UTC",
            "enabled_cluster_log_types": [
              "audit",
              "authenticator"
            ],
            "endpoint": "https://1704DDCC4EF910D462221CCC36D5FE30.gr7.us-west-2.eks.amazonaws.com",
            "id": "SimpleGoApp-cluster",
            "identity": [
              {
                "oidc": [
                  {
                    "issuer": "https://oidc.eks.us-west-2.amazonaws.com/id/1704DDCC4EF910D462221CCC36D5FE30"
                  }
                ]
              }
            ],
            "kubernetes_network_config": [
              {
                "ip_family": "ipv4",
                "service_ipv4_cidr": "10.100.0.0/16"
              }
            ],
            "name": "SimpleGoApp-cluster",
            "platform_version": "eks.4",
            "role_arn": "arn:aws:iam::745193994333:role/SimpleGoApp-cluster20220119043859303700000001",
            "status": "ACTIVE",
            "tags": {
              "Stack": "SimpleGoApp",
              "Terraform": "true",
              "WorkspaceName": "dev"
            },
            "version": "1.21",
            "vpc_config": [
              {
                "cluster_security_group_id": "sg-0feb31fcdd34cfe00",
                "endpoint_private_access": false,
                "endpoint_public_access": true,
                "public_access_cidrs": [
                  "0.0.0.0/0"
                ],
                "security_group_ids": [
                  "sg-00aca1833d46b1914"
                ],
                "subnet_ids": [
                  "subnet-02c507a9a26a460cf",
                  "subnet-0cf1a8ae4e9685244"
                ],
                "vpc_id": "vpc-05ab099c71cb847ae"
              }
            ]
          },
          "sensitive_attributes": []
        }
      ]
    },
    {
      "mode": "data",
      "type": "aws_eks_cluster_auth",
      "name": "envoy_cluster",
      "provider": "provider[\"registry.terraform.io/hashicorp/aws\"]",
      "instances": [
        {
          "schema_version": 0,
          "attributes": {
            "id": "SimpleGoApp-cluster",
            "name": "SimpleGoApp-cluster",
            "token": "k8s-aws-v1.aHR0cHM6Ly9zdHMuYW1hem9uYXdzLmNvbS8_QWN0aW9uPUdldENhbGxlcklkZW50aXR5JlZlcnNpb249MjAxMS0wNi0xNSZYLUFtei1BbGdvcml0aG09QVdTNC1ITUFDLVNIQTI1NiZYLUFtei1DcmVkZW50aWFsPUFTSUEyM0FJRjdCTzNTVFdHQ0hDJTJGMjAyMjAxMTklMkZ1cy1lYXN0LTElMkZzdHMlMkZhd3M0X3JlcXVlc3QmWC1BbXotRGF0ZT0yMDIyMDExOVQwNTE0MTdaJlgtQW16LUV4cGlyZXM9MCZYLUFtei1TZWN1cml0eS1Ub2tlbj1Gd29HWlhJdllYZHpFTiUyRiUyRiUyRiUyRiUyRiUyRiUyRiUyRiUyRiUyRiUyRndFYURGajQ1TkJqOUxWJTJCRkJYcVVTSzNBVGVBNVF0dG0lMkZ2V2NBNDVpNklnTnQ5dyUyRmR2SWRucE5ib0NhazhmNklhQ0lGZ0E4RndJanJLVnZndThaR0w0bms0MFlKbmYwbkhFTHMlMkI5SEN1S3VlN0tNY0lCMFl4SEVHeFRzODRXbGtUMWJZYjhTcXFZY2VTRnkxTktCSmFuQ3hnUUlvZEY2SEJ4YjRSdHd5azU5RmNoMmw2aXBzTnZWNFlMYkElMkJoTTZSSEtHNTR1QlklMkJXdFJFaEJXaHlsdFNOVVEzZyUyQkwlMkJjNDlRNlVDM3BWRWolMkZKSVVMVzhlbmFPZk5MSjNYSnNPTTFwSTZ3cm5MUFlDU1V5aWN2SjZQQmpJdG0wQzNMT3dKUkpKT25jaldoRVpETDRkZW44S3FlY1VkUWRyN251bnhlRVpDJTJCbnJDYWV3MDdOOUx4TndxJlgtQW16LVNpZ25lZEhlYWRlcnM9aG9zdCUzQngtazhzLWF3cy1pZCZYLUFtei1TaWduYXR1cmU9YjY2YjUzZTExZWJlM2IxMGRkN2JlMTkwNTEyY2I1NDFkNzA3MDY5MTFiOGY1MzZkYjc2MTk2YmUxMjQzMzc0MA"
          },
          "sensitive_attributes": []
        }
      ]
    },
    {
      "mode": "data",
      "type": "aws_iam_policy_document",
      "name": "eks_dynamodb_assume_policy",
      "provider": "provider[\"registry.terraform.io/hashicorp/aws\"]",
      "instances": [
        {
          "schema_version": 0,
          "attributes": {
            "id": "1464679197",
            "json": "{\n  \"Version\": \"2012-10-17\",\n  \"Statement\": [\n    {\n      \"Sid\": \"\",\n      \"Effect\": \"Allow\",\n      \"Action\": \"sts:AssumeRoleWithWebIdentity\",\n      \"Principal\": {\n        \"Federated\": \"arn:aws:iam::745193994333:oidc-provider/oidc.eks.us-west-2.amazonaws.com/id/1704DDCC4EF910D462221CCC36D5FE30\"\n      },\n      \"Condition\": {\n        \"StringEquals\": {\n          \"oidc.eks.us-west-2.amazonaws.com/id/1704DDCC4EF910D462221CCC36D5FE30:sub\": \"system:serviceaccount:simple-go-app:simple-go-app-sa\"\n        }\n      }\n    }\n  ]\n}",
            "override_json": null,
            "override_policy_documents": null,
            "policy_id": null,
            "source_json": null,
            "source_policy_documents": null,
            "statement": [
              {
                "actions": [
                  "sts:AssumeRoleWithWebIdentity"
                ],
                "condition": [
                  {
                    "test": "StringEquals",
                    "values": [
                      "system:serviceaccount:simple-go-app:simple-go-app-sa"
                    ],
                    "variable": "oidc.eks.us-west-2.amazonaws.com/id/1704DDCC4EF910D462221CCC36D5FE30:sub"
                  }
                ],
                "effect": "Allow",
                "not_actions": [],
                "not_principals": [],
                "not_resources": [],
                "principals": [
                  {
                    "identifiers": [
                      "arn:aws:iam::745193994333:oidc-provider/oidc.eks.us-west-2.amazonaws.com/id/1704DDCC4EF910D462221CCC36D5FE30"
                    ],
                    "type": "Federated"
                  }
                ],
                "resources": [],
                "sid": ""
              }
            ],
            "version": "2012-10-17"
          },
          "sensitive_attributes": []
        }
      ]
    },
    {
      "mode": "data",
      "type": "aws_kms_alias",
      "name": "ebs_service_key",
      "provider": "provider[\"registry.terraform.io/hashicorp/aws\"]",
      "instances": [
        {
          "schema_version": 0,
          "attributes": {
            "arn": "arn:aws:kms:us-west-2:745193994333:alias/aws/ebs",
            "id": "arn:aws:kms:us-west-2:745193994333:alias/aws/ebs",
            "name": "alias/aws/ebs",
            "target_key_arn": "arn:aws:kms:us-west-2:745193994333:key/ed86959c-2319-44f0-8b38-180a36a055c4",
            "target_key_id": "ed86959c-2319-44f0-8b38-180a36a055c4"
          },
          "sensitive_attributes": []
        }
      ]
    },
    {
      "mode": "managed",
      "type": "aws_dynamodb_table",
      "name": "simple_go_app_db_table",
      "provider": "provider[\"registry.terraform.io/hashicorp/aws\"]",
      "instances": [
        {
          "schema_version": 1,
          "attributes": {
            "arn": "arn:aws:dynamodb:us-west-2:745193994333:table/EKS_TEST_TABLE",
            "attribute": [
              {
                "name": "Title",
                "type": "S"
              },
              {
                "name": "Year",
                "type": "N"
              }
            ],
            "billing_mode": "PROVISIONED",
            "global_secondary_index": [],
            "hash_key": "Title",
            "id": "EKS_TEST_TABLE",
            "local_secondary_index": [],
            "name": "EKS_TEST_TABLE",
            "point_in_time_recovery": [
              {
                "enabled": false
              }
            ],
            "range_key": "Year",
            "read_capacity": 5,
            "replica": [],
            "restore_date_time": null,
            "restore_source_name": null,
            "restore_to_latest_time": null,
            "server_side_encryption": [],
            "stream_arn": "",
            "stream_enabled": false,
            "stream_label": "",
            "stream_view_type": "",
            "table_class": "",
            "tags": {},
            "tags_all": {
              "Stack": "SimpleGoApp",
              "Terraform": "true",
              "WorkspaceName": "dev"
            },
            "timeouts": null,
            "ttl": [
              {
                "attribute_name": "",
                "enabled": false
              }
            ],
            "write_capacity": 5
          },
          "sensitive_attributes": [],
          "private": "eyJlMmJmYjczMC1lY2FhLTExZTYtOGY4OC0zNDM2M2JjN2M0YzAiOnsiY3JlYXRlIjoxMjAwMDAwMDAwMDAwLCJkZWxldGUiOjYwMDAwMDAwMDAwMCwidXBkYXRlIjozNjAwMDAwMDAwMDAwfSwic2NoZW1hX3ZlcnNpb24iOiIxIn0="
        }
      ]
    },
    {
      "mode": "managed",
      "type": "aws_iam_role",
      "name": "eks_dynamodb_role",
      "provider": "provider[\"registry.terraform.io/hashicorp/aws\"]",
      "instances": [
        {
          "schema_version": 0,
          "attributes": {
            "arn": "arn:aws:iam::745193994333:role/SimpleGoApp-access-dynamodb-20220119051436376800000001",
            "assume_role_policy": "{\"Version\":\"2012-10-17\",\"Statement\":[{\"Sid\":\"\",\"Effect\":\"Allow\",\"Principal\":{\"Federated\":\"arn:aws:iam::745193994333:oidc-provider/oidc.eks.us-west-2.amazonaws.com/id/1704DDCC4EF910D462221CCC36D5FE30\"},\"Action\":\"sts:AssumeRoleWithWebIdentity\",\"Condition\":{\"StringEquals\":{\"oidc.eks.us-west-2.amazonaws.com/id/1704DDCC4EF910D462221CCC36D5FE30:sub\":\"system:serviceaccount:simple-go-app:simple-go-app-sa\"}}}]}",
            "create_date": "2022-01-19T05:14:37Z",
            "description": "",
            "force_detach_policies": false,
            "id": "SimpleGoApp-access-dynamodb-20220119051436376800000001",
            "inline_policy": [
              {
                "name": "access-dynamodb",
                "policy": "{\"Statement\":[{\"Action\":[\"dynamodb:GetItem\",\"dynamodb:PutItem\"],\"Effect\":\"Allow\",\"Resource\":[\"arn:aws:dynamodb:us-west-2:745193994333:table/EKS_TEST_TABLE\"]}],\"Version\":\"2012-10-17\"}"
              }
            ],
            "managed_policy_arns": [],
            "max_session_duration": 3600,
            "name": "SimpleGoApp-access-dynamodb-20220119051436376800000001",
            "name_prefix": "SimpleGoApp-access-dynamodb-",
            "path": "/",
            "permissions_boundary": null,
            "tags": null,
            "tags_all": {
              "Stack": "SimpleGoApp",
              "Terraform": "true",
              "WorkspaceName": "dev"
            },
            "unique_id": "AROA23AIF7BOUNA3ENO56"
          },
          "sensitive_attributes": [],
          "private": "bnVsbA==",
          "dependencies": [
            "aws_dynamodb_table.simple_go_app_db_table",
            "data.aws_iam_policy_document.eks_dynamodb_assume_policy"
          ]
        }
      ]
    },
    {
      "mode": "managed",
      "type": "aws_key_pair",
      "name": "worker_node_key_pair",
      "provider": "provider[\"registry.terraform.io/hashicorp/aws\"]",
      "instances": [
        {
          "schema_version": 1,
          "attributes": {
            "arn": "arn:aws:ec2:us-west-2:745193994333:key-pair/SimpleGoApp-cluster/KEY",
            "fingerprint": "52:4f:91:3a:d8:cb:d1:01:24:53:6d:3e:ae:c3:4d:eb",
            "id": "SimpleGoApp-cluster/KEY",
            "key_name": "SimpleGoApp-cluster/KEY",
            "key_name_prefix": "",
            "key_pair_id": "key-0a6e6b76656f223cd",
            "public_key": "ssh-rsa AAAAB3NzaC1yc2EAAAADAQABAAACAQCyYywmwpDNefuTRgoNPM3uiSSBxEQU0Q7TS8p5QM3JYnW1Pe31E1id2thMRbI+Ta42GGiRZOywifriB7HUoZQwEyuuYDV3OvW0n5QNwyBPCOkDRHirITntYUynSSe/dWPvSNb9mO4DfYNIa2mKk39bH+JJqyyO4QQgCWxz1VnSWwZenfaTV2vKvg54zs8xCP1ULHYJL4WIw9I0j7pm69firz/aaWdU5vU/P8PzEuNr3dE6SyKkrzDQ1U4qJJs3y3StqhkeQHxMi0OxUpj1JsJ3AIe5BlyIVCo24NyP/GJmwUh33ukjX3bQcAtjZ3z0uAWzqOd+4neMAh6n7ZMu1PwH83Wcz4whGN8hQm1IRLdki06aoj07mdhld48ypuHk7mHdjQtDgEM5/QdxajFGYLvCQRTZC7Pz+mIIUIUe6+EWxPk6LNxmmnLqGd8DfG0rYLlz8gdpms5uE9jibpUt/bMdIcmvdvYmghLMtOga94HodUtw3n8RrtzC5tPAhziw6dhxKZBG4rhrx02n14h3+LgkW8k5neV3D3jpluYKgSuue1pybB2TThOH03W4pGV2lVqZXNyKOQYDY/yLdrVVahRe+nD2m3r3ABXOswrkbbPDII1JEWSX1DWhlTUvBV/kvIQczG85wJnrpJEfMVCdD/V+7ZFZD8AjG7ePTkhQHcEoRQ==",
            "tags": {},
            "tags_all": {
              "Stack": "SimpleGoApp",
              "Terraform": "true",
              "WorkspaceName": "dev"
            }
          },
          "sensitive_attributes": [],
          "private": "eyJzY2hlbWFfdmVyc2lvbiI6IjEifQ==",
          "create_before_destroy": true
        }
      ]
    },
    {
      "module": "module.eks",
      "mode": "data",
      "type": "aws_caller_identity",
      "name": "current",
      "provider": "provider[\"registry.terraform.io/hashicorp/aws\"]",
      "instances": [
        {
          "schema_version": 0,
          "attributes": {
            "account_id": "745193994333",
            "arn": "arn:aws:sts::745193994333:assumed-role/SiteReliabilityEngineer/1642569243379100000",
            "id": "745193994333",
            "user_id": "AROA23AIF7BO436Q6DDEC:1642569243379100000"
          },
          "sensitive_attributes": []
        }
      ]
    },
    {
      "module": "module.eks",
      "mode": "data",
      "type": "aws_iam_policy_document",
      "name": "cluster_assume_role_policy",
      "provider": "provider[\"registry.terraform.io/hashicorp/aws\"]",
      "instances": [
        {
          "schema_version": 0,
          "attributes": {
            "id": "2764486067",
            "json": "{\n  \"Version\": \"2012-10-17\",\n  \"Statement\": [\n    {\n      \"Sid\": \"EKSClusterAssumeRole\",\n      \"Effect\": \"Allow\",\n      \"Action\": \"sts:AssumeRole\",\n      \"Principal\": {\n        \"Service\": \"eks.amazonaws.com\"\n      }\n    }\n  ]\n}",
            "override_json": null,
            "override_policy_documents": null,
            "policy_id": null,
            "source_json": null,
            "source_policy_documents": null,
            "statement": [
              {
                "actions": [
                  "sts:AssumeRole"
                ],
                "condition": [],
                "effect": "Allow",
                "not_actions": [],
                "not_principals": [],
                "not_resources": [],
                "principals": [
                  {
                    "identifiers": [
                      "eks.amazonaws.com"
                    ],
                    "type": "Service"
                  }
                ],
                "resources": [],
                "sid": "EKSClusterAssumeRole"
              }
            ],
            "version": "2012-10-17"
          },
          "sensitive_attributes": []
        }
      ]
    },
    {
      "module": "module.eks",
      "mode": "data",
      "type": "aws_iam_policy_document",
      "name": "cluster_deny_log_group",
      "provider": "provider[\"registry.terraform.io/hashicorp/aws\"]",
      "instances": [
        {
          "index_key": 0,
          "schema_version": 0,
          "attributes": {
            "id": "2675893060",
            "json": "{\n  \"Version\": \"2012-10-17\",\n  \"Statement\": [\n    {\n      \"Sid\": \"\",\n      \"Effect\": \"Deny\",\n      \"Action\": \"logs:CreateLogGroup\",\n      \"Resource\": \"*\"\n    }\n  ]\n}",
            "override_json": null,
            "override_policy_documents": null,
            "policy_id": null,
            "source_json": null,
            "source_policy_documents": null,
            "statement": [
              {
                "actions": [
                  "logs:CreateLogGroup"
                ],
                "condition": [],
                "effect": "Deny",
                "not_actions": [],
                "not_principals": [],
                "not_resources": [],
                "principals": [],
                "resources": [
                  "*"
                ],
                "sid": ""
              }
            ],
            "version": "2012-10-17"
          },
          "sensitive_attributes": []
        }
      ]
    },
    {
      "module": "module.eks",
      "mode": "data",
      "type": "aws_iam_policy_document",
      "name": "cluster_elb_sl_role_creation",
      "provider": "provider[\"registry.terraform.io/hashicorp/aws\"]",
      "instances": [
        {
          "index_key": 0,
          "schema_version": 0,
          "attributes": {
            "id": "3709839417",
            "json": "{\n  \"Version\": \"2012-10-17\",\n  \"Statement\": [\n    {\n      \"Sid\": \"\",\n      \"Effect\": \"Allow\",\n      \"Action\": [\n        \"ec2:DescribeInternetGateways\",\n        \"ec2:DescribeAddresses\",\n        \"ec2:DescribeAccountAttributes\"\n      ],\n      \"Resource\": \"*\"\n    }\n  ]\n}",
            "override_json": null,
            "override_policy_documents": null,
            "policy_id": null,
            "source_json": null,
            "source_policy_documents": null,
            "statement": [
              {
                "actions": [
                  "ec2:DescribeAccountAttributes",
                  "ec2:DescribeAddresses",
                  "ec2:DescribeInternetGateways"
                ],
                "condition": [],
                "effect": "Allow",
                "not_actions": [],
                "not_principals": [],
                "not_resources": [],
                "principals": [],
                "resources": [
                  "*"
                ],
                "sid": ""
              }
            ],
            "version": "2012-10-17"
          },
          "sensitive_attributes": []
        }
      ]
    },
    {
      "module": "module.eks",
      "mode": "data",
      "type": "aws_iam_policy_document",
      "name": "workers_assume_role_policy",
      "provider": "provider[\"registry.terraform.io/hashicorp/aws\"]",
      "instances": [
        {
          "schema_version": 0,
          "attributes": {
            "id": "3778018924",
            "json": "{\n  \"Version\": \"2012-10-17\",\n  \"Statement\": [\n    {\n      \"Sid\": \"EKSWorkerAssumeRole\",\n      \"Effect\": \"Allow\",\n      \"Action\": \"sts:AssumeRole\",\n      \"Principal\": {\n        \"Service\": \"ec2.amazonaws.com\"\n      }\n    }\n  ]\n}",
            "override_json": null,
            "override_policy_documents": null,
            "policy_id": null,
            "source_json": null,
            "source_policy_documents": null,
            "statement": [
              {
                "actions": [
                  "sts:AssumeRole"
                ],
                "condition": [],
                "effect": "Allow",
                "not_actions": [],
                "not_principals": [],
                "not_resources": [],
                "principals": [
                  {
                    "identifiers": [
                      "ec2.amazonaws.com"
                    ],
                    "type": "Service"
                  }
                ],
                "resources": [],
                "sid": "EKSWorkerAssumeRole"
              }
            ],
            "version": "2012-10-17"
          },
          "sensitive_attributes": []
        }
      ]
    },
    {
      "module": "module.eks",
      "mode": "data",
      "type": "aws_partition",
      "name": "current",
      "provider": "provider[\"registry.terraform.io/hashicorp/aws\"]",
      "instances": [
        {
          "schema_version": 0,
          "attributes": {
            "dns_suffix": "amazonaws.com",
            "id": "aws",
            "partition": "aws",
            "reverse_dns_prefix": "com.amazonaws"
          },
          "sensitive_attributes": []
        }
      ]
    },
    {
      "module": "module.eks",
      "mode": "data",
      "type": "http",
      "name": "wait_for_cluster",
      "provider": "provider[\"registry.terraform.io/terraform-aws-modules/http\"]",
      "instances": [
        {
          "index_key": 0,
          "schema_version": 0,
          "attributes": {
            "body": "ok",
            "ca_certificate": "-----BEGIN CERTIFICATE-----\nMIIC5zCCAc+gAwIBAgIBADANBgkqhkiG9w0BAQsFADAVMRMwEQYDVQQDEwprdWJl\ncm5ldGVzMB4XDTIyMDExOTA0NDUyNVoXDTMyMDExNzA0NDUyNVowFTETMBEGA1UE\nAxMKa3ViZXJuZXRlczCCASIwDQYJKoZIhvcNAQEBBQADggEPADCCAQoCggEBAOhz\nmYyCKTzRKUFm/1bW9pECLN/7HZ9Go7WdZKmoHUywDZ3iAh3kTW94+BhQZoVjKAuG\nBRN7JArkfdv85FPG4iM5vViUTVPtBbyiRX1s+C1SaMR60qupzoDaSUwp+3u0pTgx\n9/Yti/3HeUahadID5W7hHa9N9+wbdFFZjzZwvpMJw2VuUCTol3q6J3a7smAIbBqI\n2k4RmlEd2n1ArPCYLzV6Dn55cBDmF5aw057rIJWfuQqOu07P5Bz75fgqwZW/2wpU\nR8c6n5qfJSnMdlPpqreBLYGLaI33B/FJBnbf5avgfFaZPqwMYeKXfcQL7U9IkDKo\n1SWf8IzZcgiuyHb0mg8CAwEAAaNCMEAwDgYDVR0PAQH/BAQDAgKkMA8GA1UdEwEB\n/wQFMAMBAf8wHQYDVR0OBBYEFE4UDr86jFBCtG+9i3tfDTmu3wiyMA0GCSqGSIb3\nDQEBCwUAA4IBAQDjoQBLJpA/pKBX9aT9bhsmdjYZHaDvjXcPNGdlLdgthorjKGSU\nCdh89w5QZUc2ay3J7KkBZvNNjxQjWaqOY9kl+79c1+iLAhrZ4VMPbbhUiTFbdc4j\n2Lfxea7U3xk/9Bj5DgPA7RpOEO2Q+Dn1aqO04TxNufnQNNrd32qPorWfje8tFxlH\nqzvoyNfAnakFD1iIRh+37/Gu5ymbKCKQ23dALywLtUbhEKIYl4LFIhxiui08iwr2\nfKwlXzpslqbTv0dm7e+Loo3SILdIKYx3EZ+TOay1tt/4mPD2kUTLG4uL+QECw8b2\nXhQv7k989cMMWOgMJ16dqWpCeRi2WgKIP0kw\n-----END CERTIFICATE-----\n",
            "id": "https://1704DDCC4EF910D462221CCC36D5FE30.gr7.us-west-2.eks.amazonaws.com/healthz",
            "insecure": false,
            "request_headers": null,
            "response_headers": {
              "Cache-Control": "no-cache, private",
              "Content-Length": "2",
              "Content-Type": "text/plain; charset=utf-8",
              "Date": "Wed, 19 Jan 2022 05:14:17 GMT",
              "X-Content-Type-Options": "nosniff",
              "X-Kubernetes-Pf-Flowschema-Uid": "fbf85f79-b39a-49c1-b517-aff88bb1e2db",
              "X-Kubernetes-Pf-Prioritylevel-Uid": "f03f4d3e-3fd1-4c33-89f0-e23808461cfb"
            },
            "timeout": 300,
            "url": "https://1704DDCC4EF910D462221CCC36D5FE30.gr7.us-west-2.eks.amazonaws.com/healthz"
          },
          "sensitive_attributes": []
        }
      ]
    },
    {
      "module": "module.eks",
      "mode": "managed",
      "type": "aws_cloudwatch_log_group",
      "name": "this",
      "provider": "provider[\"registry.terraform.io/hashicorp/aws\"]",
      "instances": [
        {
          "index_key": 0,
          "schema_version": 0,
          "attributes": {
            "arn": "arn:aws:logs:us-west-2:745193994333:log-group:/aws/eks/SimpleGoApp-cluster/cluster",
            "id": "/aws/eks/SimpleGoApp-cluster/cluster",
            "kms_key_id": "",
            "name": "/aws/eks/SimpleGoApp-cluster/cluster",
            "name_prefix": null,
            "retention_in_days": 90,
            "tags": {},
            "tags_all": {
              "Stack": "SimpleGoApp",
              "Terraform": "true",
              "WorkspaceName": "dev"
            }
          },
          "sensitive_attributes": [],
          "private": "bnVsbA==",
          "create_before_destroy": true
        }
      ]
    },
    {
      "module": "module.eks",
      "mode": "managed",
      "type": "aws_eks_cluster",
      "name": "this",
      "provider": "provider[\"registry.terraform.io/hashicorp/aws\"]",
      "instances": [
        {
          "index_key": 0,
          "schema_version": 0,
          "attributes": {
            "arn": "arn:aws:eks:us-west-2:745193994333:cluster/SimpleGoApp-cluster",
            "certificate_authority": [
              {
                "data": "LS0tLS1CRUdJTiBDRVJUSUZJQ0FURS0tLS0tCk1JSUM1ekNDQWMrZ0F3SUJBZ0lCQURBTkJna3Foa2lHOXcwQkFRc0ZBREFWTVJNd0VRWURWUVFERXdwcmRXSmwKY201bGRHVnpNQjRYRFRJeU1ERXhPVEEwTkRVeU5Wb1hEVE15TURFeE56QTBORFV5TlZvd0ZURVRNQkVHQTFVRQpBeE1LYTNWaVpYSnVaWFJsY3pDQ0FTSXdEUVlKS29aSWh2Y05BUUVCQlFBRGdnRVBBRENDQVFvQ2dnRUJBT2h6Cm1ZeUNLVHpSS1VGbS8xYlc5cEVDTE4vN0haOUdvN1dkWkttb0hVeXdEWjNpQWgza1RXOTQrQmhRWm9WaktBdUcKQlJON0pBcmtmZHY4NUZQRzRpTTV2VmlVVFZQdEJieWlSWDFzK0MxU2FNUjYwcXVwem9EYVNVd3ArM3UwcFRneAo5L1l0aS8zSGVVYWhhZElENVc3aEhhOU45K3diZEZGWmp6Wnd2cE1KdzJWdVVDVG9sM3E2SjNhN3NtQUliQnFJCjJrNFJtbEVkMm4xQXJQQ1lMelY2RG41NWNCRG1GNWF3MDU3cklKV2Z1UXFPdTA3UDVCejc1Zmdxd1pXLzJ3cFUKUjhjNm41cWZKU25NZGxQcHFyZUJMWUdMYUkzM0IvRkpCbmJmNWF2Z2ZGYVpQcXdNWWVLWGZjUUw3VTlJa0RLbwoxU1dmOEl6WmNnaXV5SGIwbWc4Q0F3RUFBYU5DTUVBd0RnWURWUjBQQVFIL0JBUURBZ0trTUE4R0ExVWRFd0VCCi93UUZNQU1CQWY4d0hRWURWUjBPQkJZRUZFNFVEcjg2akZCQ3RHKzlpM3RmRFRtdTN3aXlNQTBHQ1NxR1NJYjMKRFFFQkN3VUFBNElCQVFEam9RQkxKcEEvcEtCWDlhVDliaHNtZGpZWkhhRHZqWGNQTkdkbExkZ3Rob3JqS0dTVQpDZGg4OXc1UVpVYzJheTNKN0trQlp2Tk5qeFFqV2FxT1k5a2wrNzljMStpTEFoclo0Vk1QYmJoVWlURmJkYzRqCjJMZnhlYTdVM3hrLzlCajVEZ1BBN1JwT0VPMlErRG4xYXFPMDRUeE51Zm5RTk5yZDMycVBvcldmamU4dEZ4bEgKcXp2b3lOZkFuYWtGRDFpSVJoKzM3L0d1NXltYktDS1EyM2RBTHl3THRVYmhFS0lZbDRMRkloeGl1aTA4aXdyMgpmS3dsWHpwc2xxYlR2MGRtN2UrTG9vM1NJTGRJS1l4M0VaK1RPYXkxdHQvNG1QRDJrVVRMRzR1TCtRRUN3OGIyClhoUXY3azk4OWNNTVdPZ01KMTZkcVdwQ2VSaTJXZ0tJUDBrdwotLS0tLUVORCBDRVJUSUZJQ0FURS0tLS0tCg=="
              }
            ],
            "created_at": "2022-01-19 04:39:21.721 +0000 UTC",
            "enabled_cluster_log_types": [
              "audit",
              "authenticator"
            ],
            "encryption_config": [],
            "endpoint": "https://1704DDCC4EF910D462221CCC36D5FE30.gr7.us-west-2.eks.amazonaws.com",
            "id": "SimpleGoApp-cluster",
            "identity": [
              {
                "oidc": [
                  {
                    "issuer": "https://oidc.eks.us-west-2.amazonaws.com/id/1704DDCC4EF910D462221CCC36D5FE30"
                  }
                ]
              }
            ],
            "kubernetes_network_config": [
              {
                "ip_family": "ipv4",
                "service_ipv4_cidr": "10.100.0.0/16"
              }
            ],
            "name": "SimpleGoApp-cluster",
            "platform_version": "eks.4",
            "role_arn": "arn:aws:iam::745193994333:role/SimpleGoApp-cluster20220119043859303700000001",
            "status": "ACTIVE",
            "tags": {},
            "tags_all": {
              "Stack": "SimpleGoApp",
              "Terraform": "true",
              "WorkspaceName": "dev"
            },
            "timeouts": {
              "create": "30m",
              "delete": "15m",
              "update": "60m"
            },
            "version": "1.21",
            "vpc_config": [
              {
                "cluster_security_group_id": "sg-0feb31fcdd34cfe00",
                "endpoint_private_access": false,
                "endpoint_public_access": true,
                "public_access_cidrs": [
                  "0.0.0.0/0"
                ],
                "security_group_ids": [
                  "sg-00aca1833d46b1914"
                ],
                "subnet_ids": [
                  "subnet-02c507a9a26a460cf",
                  "subnet-0cf1a8ae4e9685244"
                ],
                "vpc_id": "vpc-05ab099c71cb847ae"
              }
            ]
          },
          "sensitive_attributes": [],
          "private": "eyJlMmJmYjczMC1lY2FhLTExZTYtOGY4OC0zNDM2M2JjN2M0YzAiOnsiY3JlYXRlIjoxODAwMDAwMDAwMDAwLCJkZWxldGUiOjkwMDAwMDAwMDAwMCwidXBkYXRlIjozNjAwMDAwMDAwMDAwfX0=",
          "dependencies": [
            "module.eks.aws_iam_role.cluster",
            "module.eks.aws_iam_role_policy_attachment.cluster_AmazonEKSServicePolicy",
            "module.vpc.aws_vpc.this",
            "module.vpc.aws_vpc_ipv4_cidr_block_association.this",
            "module.eks.aws_cloudwatch_log_group.this",
            "module.eks.aws_iam_role_policy_attachment.cluster_AmazonEKSClusterPolicy",
            "module.vpc.aws_subnet.private",
            "data.aws_availability_zones.available",
            "module.eks.aws_security_group.cluster",
            "module.eks.data.aws_iam_role.custom_cluster_iam_role",
            "module.eks.data.aws_partition.current",
            "module.eks.aws_iam_role_policy_attachment.cluster_AmazonEKSVPCResourceControllerPolicy",
            "module.eks.aws_security_group.workers",
            "module.eks.aws_security_group_rule.cluster_egress_internet",
            "module.eks.aws_security_group_rule.cluster_https_worker_ingress",
            "module.eks.data.aws_iam_policy_document.cluster_assume_role_policy"
          ],
          "create_before_destroy": true
        }
      ]
    },
    {
      "module": "module.eks",
      "mode": "managed",
      "type": "aws_iam_openid_connect_provider",
      "name": "oidc_provider",
      "provider": "provider[\"registry.terraform.io/hashicorp/aws\"]",
      "instances": [
        {
          "index_key": 0,
          "schema_version": 0,
          "attributes": {
            "arn": "arn:aws:iam::745193994333:oidc-provider/oidc.eks.us-west-2.amazonaws.com/id/1704DDCC4EF910D462221CCC36D5FE30",
            "client_id_list": [
              "sts.amazonaws.com"
            ],
            "id": "arn:aws:iam::745193994333:oidc-provider/oidc.eks.us-west-2.amazonaws.com/id/1704DDCC4EF910D462221CCC36D5FE30",
            "tags": {
              "Name": "SimpleGoApp-cluster-eks-irsa"
            },
            "tags_all": {
              "Name": "SimpleGoApp-cluster-eks-irsa",
              "Stack": "SimpleGoApp",
              "Terraform": "true",
              "WorkspaceName": "dev"
            },
            "thumbprint_list": [
              "9e99a48a9960b14926bb7f3b02e22da2b0ab7280"
            ],
            "url": "oidc.eks.us-west-2.amazonaws.com/id/1704DDCC4EF910D462221CCC36D5FE30"
          },
          "sensitive_attributes": [],
          "private": "bnVsbA==",
          "dependencies": [
            "module.eks.aws_security_group.workers",
            "module.eks.data.aws_iam_role.custom_cluster_iam_role",
            "module.vpc.aws_vpc.this",
            "module.eks.aws_cloudwatch_log_group.this",
            "module.eks.aws_eks_cluster.this",
            "module.eks.aws_iam_role.cluster",
            "module.eks.aws_security_group_rule.cluster_egress_internet",
            "module.eks.data.aws_iam_policy_document.cluster_assume_role_policy",
            "data.aws_availability_zones.available",
            "module.eks.aws_security_group.cluster",
            "module.vpc.aws_subnet.private",
            "module.vpc.aws_vpc_ipv4_cidr_block_association.this",
            "module.eks.aws_iam_role_policy_attachment.cluster_AmazonEKSClusterPolicy",
            "module.eks.aws_iam_role_policy_attachment.cluster_AmazonEKSServicePolicy",
            "module.eks.aws_iam_role_policy_attachment.cluster_AmazonEKSVPCResourceControllerPolicy",
            "module.eks.aws_security_group_rule.cluster_https_worker_ingress",
            "module.eks.data.aws_partition.current"
          ]
        }
      ]
    },
    {
      "module": "module.eks",
      "mode": "managed",
      "type": "aws_iam_policy",
      "name": "cluster_deny_log_group",
      "provider": "provider[\"registry.terraform.io/hashicorp/aws\"]",
      "instances": [
        {
          "index_key": 0,
          "schema_version": 0,
          "attributes": {
            "arn": "arn:aws:iam::745193994333:policy/SimpleGoApp-cluster-deny-log-group20220119043859305300000002",
            "description": "Deny CreateLogGroup",
            "id": "arn:aws:iam::745193994333:policy/SimpleGoApp-cluster-deny-log-group20220119043859305300000002",
            "name": "SimpleGoApp-cluster-deny-log-group20220119043859305300000002",
            "name_prefix": "SimpleGoApp-cluster-deny-log-group",
            "path": "/",
            "policy": "{\"Statement\":[{\"Action\":\"logs:CreateLogGroup\",\"Effect\":\"Deny\",\"Resource\":\"*\",\"Sid\":\"\"}],\"Version\":\"2012-10-17\"}",
            "policy_id": "ANPA23AIF7BO7LKPYS72I",
            "tags": {},
            "tags_all": {
              "Stack": "SimpleGoApp",
              "Terraform": "true",
              "WorkspaceName": "dev"
            }
          },
          "sensitive_attributes": [],
          "private": "bnVsbA==",
          "dependencies": [
            "module.eks.data.aws_iam_policy_document.cluster_deny_log_group"
          ]
        }
      ]
    },
    {
      "module": "module.eks",
      "mode": "managed",
      "type": "aws_iam_policy",
      "name": "cluster_elb_sl_role_creation",
      "provider": "provider[\"registry.terraform.io/hashicorp/aws\"]",
      "instances": [
        {
          "index_key": 0,
          "schema_version": 0,
          "attributes": {
            "arn": "arn:aws:iam::745193994333:policy/SimpleGoApp-cluster-elb-sl-role-creation20220119043859305400000003",
            "description": "Permissions for EKS to create AWSServiceRoleForElasticLoadBalancing service-linked role",
            "id": "arn:aws:iam::745193994333:policy/SimpleGoApp-cluster-elb-sl-role-creation20220119043859305400000003",
            "name": "SimpleGoApp-cluster-elb-sl-role-creation20220119043859305400000003",
            "name_prefix": "SimpleGoApp-cluster-elb-sl-role-creation",
            "path": "/",
            "policy": "{\"Statement\":[{\"Action\":[\"ec2:DescribeInternetGateways\",\"ec2:DescribeAddresses\",\"ec2:DescribeAccountAttributes\"],\"Effect\":\"Allow\",\"Resource\":\"*\",\"Sid\":\"\"}],\"Version\":\"2012-10-17\"}",
            "policy_id": "ANPA23AIF7BO2SQMQHT26",
            "tags": {},
            "tags_all": {
              "Stack": "SimpleGoApp",
              "Terraform": "true",
              "WorkspaceName": "dev"
            }
          },
          "sensitive_attributes": [],
          "private": "bnVsbA==",
          "dependencies": [
            "module.eks.data.aws_iam_policy_document.cluster_elb_sl_role_creation"
          ]
        }
      ]
    },
    {
      "module": "module.eks",
      "mode": "managed",
      "type": "aws_iam_role",
      "name": "cluster",
      "provider": "provider[\"registry.terraform.io/hashicorp/aws\"]",
      "instances": [
        {
          "index_key": 0,
          "schema_version": 0,
          "attributes": {
            "arn": "arn:aws:iam::745193994333:role/SimpleGoApp-cluster20220119043859303700000001",
            "assume_role_policy": "{\"Version\":\"2012-10-17\",\"Statement\":[{\"Sid\":\"EKSClusterAssumeRole\",\"Effect\":\"Allow\",\"Principal\":{\"Service\":\"eks.amazonaws.com\"},\"Action\":\"sts:AssumeRole\"}]}",
            "create_date": "2022-01-19T04:39:00Z",
            "description": "",
            "force_detach_policies": true,
            "id": "SimpleGoApp-cluster20220119043859303700000001",
            "inline_policy": [
              {
                "name": "",
                "policy": ""
              }
            ],
            "managed_policy_arns": [
              "arn:aws:iam::745193994333:policy/SimpleGoApp-cluster-deny-log-group20220119043859305300000002",
              "arn:aws:iam::745193994333:policy/SimpleGoApp-cluster-elb-sl-role-creation20220119043859305400000003",
              "arn:aws:iam::aws:policy/AmazonEKSClusterPolicy",
              "arn:aws:iam::aws:policy/AmazonEKSServicePolicy",
              "arn:aws:iam::aws:policy/AmazonEKSVPCResourceController"
            ],
            "max_session_duration": 3600,
            "name": "SimpleGoApp-cluster20220119043859303700000001",
            "name_prefix": "SimpleGoApp-cluster",
            "path": "/",
            "permissions_boundary": null,
            "tags": {},
            "tags_all": {
              "Stack": "SimpleGoApp",
              "Terraform": "true",
              "WorkspaceName": "dev"
            },
            "unique_id": "AROA23AIF7BOTAWW7U322"
          },
          "sensitive_attributes": [],
          "private": "bnVsbA==",
          "dependencies": [
            "module.eks.data.aws_iam_policy_document.cluster_assume_role_policy"
          ],
          "create_before_destroy": true
        }
      ]
    },
    {
      "module": "module.eks",
      "mode": "managed",
      "type": "aws_iam_role",
      "name": "workers",
      "provider": "provider[\"registry.terraform.io/hashicorp/aws\"]",
      "instances": [
        {
          "index_key": 0,
          "schema_version": 0,
          "attributes": {
            "arn": "arn:aws:iam::745193994333:role/SimpleGoApp-cluster2022011904493981830000000b",
            "assume_role_policy": "{\"Version\":\"2012-10-17\",\"Statement\":[{\"Sid\":\"EKSWorkerAssumeRole\",\"Effect\":\"Allow\",\"Principal\":{\"Service\":\"ec2.amazonaws.com\"},\"Action\":\"sts:AssumeRole\"}]}",
            "create_date": "2022-01-19T04:49:41Z",
            "description": "",
            "force_detach_policies": true,
            "id": "SimpleGoApp-cluster2022011904493981830000000b",
            "inline_policy": [
              {
                "name": "",
                "policy": ""
              }
            ],
            "managed_policy_arns": [
              "arn:aws:iam::aws:policy/AmazonEC2ContainerRegistryReadOnly",
              "arn:aws:iam::aws:policy/AmazonEKSWorkerNodePolicy",
              "arn:aws:iam::aws:policy/AmazonEKS_CNI_Policy"
            ],
            "max_session_duration": 3600,
            "name": "SimpleGoApp-cluster2022011904493981830000000b",
            "name_prefix": "SimpleGoApp-cluster",
            "path": "/",
            "permissions_boundary": null,
            "tags": {},
            "tags_all": {
              "Stack": "SimpleGoApp",
              "Terraform": "true",
              "WorkspaceName": "dev"
            },
            "unique_id": "AROA23AIF7BORQWMSYZRJ"
          },
          "sensitive_attributes": [],
          "private": "bnVsbA==",
          "dependencies": [
            "module.vpc.aws_vpc.this",
            "module.eks.aws_iam_role_policy_attachment.cluster_AmazonEKSClusterPolicy",
            "module.eks.aws_security_group_rule.cluster_https_worker_ingress",
            "module.eks.data.aws_partition.current",
            "module.eks.aws_security_group.cluster",
            "module.eks.aws_security_group_rule.cluster_egress_internet",
            "module.vpc.aws_subnet.private",
            "data.aws_availability_zones.available",
            "module.eks.aws_cloudwatch_log_group.this",
            "module.eks.aws_iam_role_policy_attachment.cluster_AmazonEKSVPCResourceControllerPolicy",
            "module.eks.data.aws_iam_policy_document.workers_assume_role_policy",
            "module.eks.data.aws_iam_role.custom_cluster_iam_role",
            "module.vpc.aws_vpc_ipv4_cidr_block_association.this",
            "module.eks.aws_iam_role.cluster",
            "module.eks.aws_iam_role_policy_attachment.cluster_AmazonEKSServicePolicy",
            "module.eks.aws_security_group.workers",
            "module.eks.aws_eks_cluster.this",
            "module.eks.data.aws_iam_policy_document.cluster_assume_role_policy"
          ],
          "create_before_destroy": true
        }
      ]
    },
    {
      "module": "module.eks",
      "mode": "managed",
      "type": "aws_iam_role_policy_attachment",
      "name": "cluster_AmazonEKSClusterPolicy",
      "provider": "provider[\"registry.terraform.io/hashicorp/aws\"]",
      "instances": [
        {
          "index_key": 0,
          "schema_version": 0,
          "attributes": {
            "id": "SimpleGoApp-cluster20220119043859303700000001-20220119043904352600000006",
            "policy_arn": "arn:aws:iam::aws:policy/AmazonEKSClusterPolicy",
            "role": "SimpleGoApp-cluster20220119043859303700000001"
          },
          "sensitive_attributes": [],
          "private": "bnVsbA==",
          "dependencies": [
            "module.eks.aws_iam_role.cluster",
            "module.eks.data.aws_iam_policy_document.cluster_assume_role_policy",
            "module.eks.data.aws_partition.current"
          ],
          "create_before_destroy": true
        }
      ]
    },
    {
      "module": "module.eks",
      "mode": "managed",
      "type": "aws_iam_role_policy_attachment",
      "name": "cluster_AmazonEKSServicePolicy",
      "provider": "provider[\"registry.terraform.io/hashicorp/aws\"]",
      "instances": [
        {
          "index_key": 0,
          "schema_version": 0,
          "attributes": {
            "id": "SimpleGoApp-cluster20220119043859303700000001-20220119043904357600000008",
            "policy_arn": "arn:aws:iam::aws:policy/AmazonEKSServicePolicy",
            "role": "SimpleGoApp-cluster20220119043859303700000001"
          },
          "sensitive_attributes": [],
          "private": "bnVsbA==",
          "dependencies": [
            "module.eks.data.aws_partition.current",
            "module.eks.aws_iam_role.cluster",
            "module.eks.data.aws_iam_policy_document.cluster_assume_role_policy"
          ],
          "create_before_destroy": true
        }
      ]
    },
    {
      "module": "module.eks",
      "mode": "managed",
      "type": "aws_iam_role_policy_attachment",
      "name": "cluster_AmazonEKSVPCResourceControllerPolicy",
      "provider": "provider[\"registry.terraform.io/hashicorp/aws\"]",
      "instances": [
        {
          "index_key": 0,
          "schema_version": 0,
          "attributes": {
            "id": "SimpleGoApp-cluster20220119043859303700000001-20220119043904334100000005",
            "policy_arn": "arn:aws:iam::aws:policy/AmazonEKSVPCResourceController",
            "role": "SimpleGoApp-cluster20220119043859303700000001"
          },
          "sensitive_attributes": [],
          "private": "bnVsbA==",
          "dependencies": [
            "module.eks.aws_iam_role.cluster",
            "module.eks.data.aws_iam_policy_document.cluster_assume_role_policy",
            "module.eks.data.aws_partition.current"
          ],
          "create_before_destroy": true
        }
      ]
    },
    {
      "module": "module.eks",
      "mode": "managed",
      "type": "aws_iam_role_policy_attachment",
      "name": "cluster_deny_log_group",
      "provider": "provider[\"registry.terraform.io/hashicorp/aws\"]",
      "instances": [
        {
          "index_key": 0,
          "schema_version": 0,
          "attributes": {
            "id": "SimpleGoApp-cluster20220119043859303700000001-20220119043904354500000007",
            "policy_arn": "arn:aws:iam::745193994333:policy/SimpleGoApp-cluster-deny-log-group20220119043859305300000002",
            "role": "SimpleGoApp-cluster20220119043859303700000001"
          },
          "sensitive_attributes": [],
          "private": "bnVsbA==",
          "dependencies": [
            "module.eks.aws_iam_policy.cluster_deny_log_group",
            "module.eks.aws_iam_role.cluster",
            "module.eks.data.aws_iam_policy_document.cluster_assume_role_policy",
            "module.eks.data.aws_iam_policy_document.cluster_deny_log_group"
          ]
        }
      ]
    },
    {
      "module": "module.eks",
      "mode": "managed",
      "type": "aws_iam_role_policy_attachment",
      "name": "cluster_elb_sl_role_creation",
      "provider": "provider[\"registry.terraform.io/hashicorp/aws\"]",
      "instances": [
        {
          "index_key": 0,
          "schema_version": 0,
          "attributes": {
            "id": "SimpleGoApp-cluster20220119043859303700000001-20220119043904330800000004",
            "policy_arn": "arn:aws:iam::745193994333:policy/SimpleGoApp-cluster-elb-sl-role-creation20220119043859305400000003",
            "role": "SimpleGoApp-cluster20220119043859303700000001"
          },
          "sensitive_attributes": [],
          "private": "bnVsbA==",
          "dependencies": [
            "module.eks.aws_iam_policy.cluster_elb_sl_role_creation",
            "module.eks.aws_iam_role.cluster",
            "module.eks.data.aws_iam_policy_document.cluster_assume_role_policy",
            "module.eks.data.aws_iam_policy_document.cluster_elb_sl_role_creation"
          ]
        }
      ]
    },
    {
      "module": "module.eks",
      "mode": "managed",
      "type": "aws_iam_role_policy_attachment",
      "name": "workers_AmazonEC2ContainerRegistryReadOnly",
      "provider": "provider[\"registry.terraform.io/hashicorp/aws\"]",
      "instances": [
        {
          "index_key": 0,
          "schema_version": 0,
          "attributes": {
            "id": "SimpleGoApp-cluster2022011904493981830000000b-2022011904494465240000000e",
            "policy_arn": "arn:aws:iam::aws:policy/AmazonEC2ContainerRegistryReadOnly",
            "role": "SimpleGoApp-cluster2022011904493981830000000b"
          },
          "sensitive_attributes": [],
          "private": "bnVsbA==",
          "dependencies": [
            "module.eks.aws_iam_role.cluster",
            "module.vpc.aws_vpc.this",
            "module.eks.data.aws_iam_policy_document.workers_assume_role_policy",
            "module.eks.aws_iam_role_policy_attachment.cluster_AmazonEKSClusterPolicy",
            "module.eks.aws_iam_role_policy_attachment.cluster_AmazonEKSServicePolicy",
            "module.eks.aws_iam_role_policy_attachment.cluster_AmazonEKSVPCResourceControllerPolicy",
            "module.eks.aws_security_group_rule.cluster_egress_internet",
            "module.eks.aws_security_group.cluster",
            "module.eks.aws_security_group_rule.cluster_https_worker_ingress",
            "module.eks.data.aws_iam_role.custom_cluster_iam_role",
            "module.eks.aws_security_group.workers",
            "module.eks.data.aws_iam_policy_document.cluster_assume_role_policy",
            "module.eks.data.aws_partition.current",
            "module.vpc.aws_subnet.private",
            "data.aws_availability_zones.available",
            "module.eks.aws_cloudwatch_log_group.this",
            "module.eks.aws_eks_cluster.this",
            "module.eks.aws_iam_role.workers",
            "module.vpc.aws_vpc_ipv4_cidr_block_association.this"
          ],
          "create_before_destroy": true
        }
      ]
    },
    {
      "module": "module.eks",
      "mode": "managed",
      "type": "aws_iam_role_policy_attachment",
      "name": "workers_AmazonEKSWorkerNodePolicy",
      "provider": "provider[\"registry.terraform.io/hashicorp/aws\"]",
      "instances": [
        {
          "index_key": 0,
          "schema_version": 0,
          "attributes": {
            "id": "SimpleGoApp-cluster2022011904493981830000000b-2022011904494464690000000d",
            "policy_arn": "arn:aws:iam::aws:policy/AmazonEKSWorkerNodePolicy",
            "role": "SimpleGoApp-cluster2022011904493981830000000b"
          },
          "sensitive_attributes": [],
          "private": "bnVsbA==",
          "dependencies": [
            "module.eks.aws_cloudwatch_log_group.this",
            "module.eks.aws_security_group.workers",
            "module.eks.data.aws_iam_policy_document.workers_assume_role_policy",
            "module.vpc.aws_vpc.this",
            "module.eks.aws_iam_role_policy_attachment.cluster_AmazonEKSServicePolicy",
            "module.eks.aws_security_group_rule.cluster_egress_internet",
            "module.vpc.aws_subnet.private",
            "module.eks.aws_eks_cluster.this",
            "module.eks.aws_security_group_rule.cluster_https_worker_ingress",
            "module.eks.data.aws_iam_role.custom_cluster_iam_role",
            "module.vpc.aws_vpc_ipv4_cidr_block_association.this",
            "data.aws_availability_zones.available",
            "module.eks.aws_iam_role.cluster",
            "module.eks.aws_iam_role.workers",
            "module.eks.aws_iam_role_policy_attachment.cluster_AmazonEKSClusterPolicy",
            "module.eks.aws_iam_role_policy_attachment.cluster_AmazonEKSVPCResourceControllerPolicy",
            "module.eks.aws_security_group.cluster",
            "module.eks.data.aws_iam_policy_document.cluster_assume_role_policy",
            "module.eks.data.aws_partition.current"
          ],
          "create_before_destroy": true
        }
      ]
    },
    {
      "module": "module.eks",
      "mode": "managed",
      "type": "aws_iam_role_policy_attachment",
      "name": "workers_AmazonEKS_CNI_Policy",
      "provider": "provider[\"registry.terraform.io/hashicorp/aws\"]",
      "instances": [
        {
          "index_key": 0,
          "schema_version": 0,
          "attributes": {
            "id": "SimpleGoApp-cluster2022011904493981830000000b-2022011904494465240000000f",
            "policy_arn": "arn:aws:iam::aws:policy/AmazonEKS_CNI_Policy",
            "role": "SimpleGoApp-cluster2022011904493981830000000b"
          },
          "sensitive_attributes": [],
          "private": "bnVsbA==",
          "dependencies": [
            "module.eks.aws_security_group.cluster",
            "module.eks.aws_security_group_rule.cluster_egress_internet",
            "module.eks.aws_cloudwatch_log_group.this",
            "module.eks.aws_iam_role.cluster",
            "module.eks.aws_iam_role_policy_attachment.cluster_AmazonEKSServicePolicy",
            "module.eks.aws_iam_role_policy_attachment.cluster_AmazonEKSVPCResourceControllerPolicy",
            "module.eks.aws_security_group.workers",
            "module.eks.data.aws_iam_role.custom_cluster_iam_role",
            "module.eks.data.aws_partition.current",
            "module.vpc.aws_vpc.this",
            "module.vpc.aws_vpc_ipv4_cidr_block_association.this",
            "module.eks.aws_eks_cluster.this",
            "module.eks.aws_security_group_rule.cluster_https_worker_ingress",
            "module.eks.data.aws_iam_policy_document.cluster_assume_role_policy",
            "module.eks.data.aws_iam_policy_document.workers_assume_role_policy",
            "data.aws_availability_zones.available",
            "module.eks.aws_iam_role.workers",
            "module.eks.aws_iam_role_policy_attachment.cluster_AmazonEKSClusterPolicy",
            "module.vpc.aws_subnet.private"
          ],
          "create_before_destroy": true
        }
      ]
    },
    {
      "module": "module.eks",
      "mode": "managed",
      "type": "aws_security_group",
      "name": "cluster",
      "provider": "provider[\"registry.terraform.io/hashicorp/aws\"]",
      "instances": [
        {
          "index_key": 0,
          "schema_version": 1,
          "attributes": {
            "arn": "arn:aws:ec2:us-west-2:745193994333:security-group/sg-00aca1833d46b1914",
            "description": "EKS cluster security group.",
            "egress": [
              {
                "cidr_blocks": [
                  "0.0.0.0/0"
                ],
                "description": "Allow cluster egress access to the Internet.",
                "from_port": 0,
                "ipv6_cidr_blocks": [],
                "prefix_list_ids": [],
                "protocol": "-1",
                "security_groups": [],
                "self": false,
                "to_port": 0
              }
            ],
            "id": "sg-00aca1833d46b1914",
            "ingress": [
              {
                "cidr_blocks": [],
                "description": "Allow pods to communicate with the EKS cluster API.",
                "from_port": 443,
                "ipv6_cidr_blocks": [],
                "prefix_list_ids": [],
                "protocol": "tcp",
                "security_groups": [
                  "sg-0404b117a73f38673"
                ],
                "self": false,
                "to_port": 443
              }
            ],
            "name": "SimpleGoApp-cluster2022011904390934710000000a",
            "name_prefix": "SimpleGoApp-cluster",
            "owner_id": "745193994333",
            "revoke_rules_on_delete": false,
            "tags": {
              "Name": "SimpleGoApp-cluster-eks_cluster_sg"
            },
            "tags_all": {
              "Name": "SimpleGoApp-cluster-eks_cluster_sg",
              "Stack": "SimpleGoApp",
              "Terraform": "true",
              "WorkspaceName": "dev"
            },
            "timeouts": null,
            "vpc_id": "vpc-05ab099c71cb847ae"
          },
          "sensitive_attributes": [],
          "private": "eyJlMmJmYjczMC1lY2FhLTExZTYtOGY4OC0zNDM2M2JjN2M0YzAiOnsiY3JlYXRlIjo2MDAwMDAwMDAwMDAsImRlbGV0ZSI6OTAwMDAwMDAwMDAwfSwic2NoZW1hX3ZlcnNpb24iOiIxIn0=",
          "dependencies": [
            "module.vpc.aws_vpc.this"
          ],
          "create_before_destroy": true
        }
      ]
    },
    {
      "module": "module.eks",
      "mode": "managed",
      "type": "aws_security_group",
      "name": "workers",
      "provider": "provider[\"registry.terraform.io/hashicorp/aws\"]",
      "instances": [
        {
          "index_key": 0,
          "schema_version": 1,
          "attributes": {
            "arn": "arn:aws:ec2:us-west-2:745193994333:security-group/sg-0404b117a73f38673",
            "description": "Security group for all nodes in the cluster.",
            "egress": [
              {
                "cidr_blocks": [
                  "0.0.0.0/0"
                ],
                "description": "Allow nodes all egress to the Internet.",
                "from_port": 0,
                "ipv6_cidr_blocks": [],
                "prefix_list_ids": [],
                "protocol": "-1",
                "security_groups": [],
                "self": false,
                "to_port": 0
              }
            ],
            "id": "sg-0404b117a73f38673",
            "ingress": [
              {
                "cidr_blocks": [],
                "description": "Allow node to communicate with each other.",
                "from_port": 0,
                "ipv6_cidr_blocks": [],
                "prefix_list_ids": [],
                "protocol": "-1",
                "security_groups": [],
                "self": true,
                "to_port": 0
              },
              {
                "cidr_blocks": [],
                "description": "Allow pods running extension API servers on port 443 to receive communication from cluster control plane.",
                "from_port": 443,
                "ipv6_cidr_blocks": [],
                "prefix_list_ids": [],
                "protocol": "tcp",
                "security_groups": [
                  "sg-00aca1833d46b1914"
                ],
                "self": false,
                "to_port": 443
              },
              {
                "cidr_blocks": [],
                "description": "Allow workers pods to receive communication from the cluster control plane.",
                "from_port": 1025,
                "ipv6_cidr_blocks": [],
                "prefix_list_ids": [],
                "protocol": "tcp",
                "security_groups": [
                  "sg-00aca1833d46b1914"
                ],
                "self": false,
                "to_port": 65535
              }
            ],
            "name": "SimpleGoApp-cluster20220119043907549000000009",
            "name_prefix": "SimpleGoApp-cluster",
            "owner_id": "745193994333",
            "revoke_rules_on_delete": false,
            "tags": {
              "Name": "SimpleGoApp-cluster-eks_worker_sg",
              "kubernetes.io/cluster/SimpleGoApp-cluster": "owned"
            },
            "tags_all": {
              "Name": "SimpleGoApp-cluster-eks_worker_sg",
              "Stack": "SimpleGoApp",
              "Terraform": "true",
              "WorkspaceName": "dev",
              "kubernetes.io/cluster/SimpleGoApp-cluster": "owned"
            },
            "timeouts": null,
            "vpc_id": "vpc-05ab099c71cb847ae"
          },
          "sensitive_attributes": [],
          "private": "eyJlMmJmYjczMC1lY2FhLTExZTYtOGY4OC0zNDM2M2JjN2M0YzAiOnsiY3JlYXRlIjo2MDAwMDAwMDAwMDAsImRlbGV0ZSI6OTAwMDAwMDAwMDAwfSwic2NoZW1hX3ZlcnNpb24iOiIxIn0=",
          "dependencies": [
            "module.vpc.aws_vpc.this"
          ],
          "create_before_destroy": true
        }
      ]
    },
    {
      "module": "module.eks",
      "mode": "managed",
      "type": "aws_security_group_rule",
      "name": "cluster_egress_internet",
      "provider": "provider[\"registry.terraform.io/hashicorp/aws\"]",
      "instances": [
        {
          "index_key": 0,
          "schema_version": 2,
          "attributes": {
            "cidr_blocks": [
              "0.0.0.0/0"
            ],
            "description": "Allow cluster egress access to the Internet.",
            "from_port": 0,
            "id": "sgrule-1232724752",
            "ipv6_cidr_blocks": [],
            "prefix_list_ids": [],
            "protocol": "-1",
            "security_group_id": "sg-00aca1833d46b1914",
            "self": false,
            "source_security_group_id": null,
            "to_port": 0,
            "type": "egress"
          },
          "sensitive_attributes": [],
          "private": "eyJzY2hlbWFfdmVyc2lvbiI6IjIifQ==",
          "dependencies": [
            "module.eks.aws_security_group.cluster",
            "module.vpc.aws_vpc.this"
          ],
          "create_before_destroy": true
        }
      ]
    },
    {
      "module": "module.eks",
      "mode": "managed",
      "type": "aws_security_group_rule",
      "name": "cluster_https_worker_ingress",
      "provider": "provider[\"registry.terraform.io/hashicorp/aws\"]",
      "instances": [
        {
          "index_key": 0,
          "schema_version": 2,
          "attributes": {
            "cidr_blocks": [],
            "description": "Allow pods to communicate with the EKS cluster API.",
            "from_port": 443,
            "id": "sgrule-2964077224",
            "ipv6_cidr_blocks": [],
            "prefix_list_ids": [],
            "protocol": "tcp",
            "security_group_id": "sg-00aca1833d46b1914",
            "self": false,
            "source_security_group_id": "sg-0404b117a73f38673",
            "to_port": 443,
            "type": "ingress"
          },
          "sensitive_attributes": [],
          "private": "eyJzY2hlbWFfdmVyc2lvbiI6IjIifQ==",
          "dependencies": [
            "module.eks.aws_security_group.cluster",
            "module.eks.aws_security_group.workers",
            "module.vpc.aws_vpc.this"
          ],
          "create_before_destroy": true
        }
      ]
    },
    {
      "module": "module.eks",
      "mode": "managed",
      "type": "aws_security_group_rule",
      "name": "workers_egress_internet",
      "provider": "provider[\"registry.terraform.io/hashicorp/aws\"]",
      "instances": [
        {
          "index_key": 0,
          "schema_version": 2,
          "attributes": {
            "cidr_blocks": [
              "0.0.0.0/0"
            ],
            "description": "Allow nodes all egress to the Internet.",
            "from_port": 0,
            "id": "sgrule-1515200665",
            "ipv6_cidr_blocks": [],
            "prefix_list_ids": [],
            "protocol": "-1",
            "security_group_id": "sg-0404b117a73f38673",
            "self": false,
            "source_security_group_id": null,
            "to_port": 0,
            "type": "egress"
          },
          "sensitive_attributes": [],
          "private": "eyJzY2hlbWFfdmVyc2lvbiI6IjIifQ==",
          "dependencies": [
            "module.eks.aws_security_group.workers",
            "module.vpc.aws_vpc.this"
          ],
          "create_before_destroy": true
        }
      ]
    },
    {
      "module": "module.eks",
      "mode": "managed",
      "type": "aws_security_group_rule",
      "name": "workers_ingress_cluster",
      "provider": "provider[\"registry.terraform.io/hashicorp/aws\"]",
      "instances": [
        {
          "index_key": 0,
          "schema_version": 2,
          "attributes": {
            "cidr_blocks": [],
            "description": "Allow workers pods to receive communication from the cluster control plane.",
            "from_port": 1025,
            "id": "sgrule-4262649489",
            "ipv6_cidr_blocks": [],
            "prefix_list_ids": [],
            "protocol": "tcp",
            "security_group_id": "sg-0404b117a73f38673",
            "self": false,
            "source_security_group_id": "sg-00aca1833d46b1914",
            "to_port": 65535,
            "type": "ingress"
          },
          "sensitive_attributes": [],
          "private": "eyJzY2hlbWFfdmVyc2lvbiI6IjIifQ==",
          "dependencies": [
            "module.eks.aws_security_group.cluster",
            "module.eks.aws_security_group.workers",
            "module.vpc.aws_vpc.this"
          ],
          "create_before_destroy": true
        }
      ]
    },
    {
      "module": "module.eks",
      "mode": "managed",
      "type": "aws_security_group_rule",
      "name": "workers_ingress_cluster_https",
      "provider": "provider[\"registry.terraform.io/hashicorp/aws\"]",
      "instances": [
        {
          "index_key": 0,
          "schema_version": 2,
          "attributes": {
            "cidr_blocks": [],
            "description": "Allow pods running extension API servers on port 443 to receive communication from cluster control plane.",
            "from_port": 443,
            "id": "sgrule-2601142939",
            "ipv6_cidr_blocks": [],
            "prefix_list_ids": [],
            "protocol": "tcp",
            "security_group_id": "sg-0404b117a73f38673",
            "self": false,
            "source_security_group_id": "sg-00aca1833d46b1914",
            "to_port": 443,
            "type": "ingress"
          },
          "sensitive_attributes": [],
          "private": "eyJzY2hlbWFfdmVyc2lvbiI6IjIifQ==",
          "dependencies": [
            "module.eks.aws_security_group.cluster",
            "module.eks.aws_security_group.workers",
            "module.vpc.aws_vpc.this"
          ],
          "create_before_destroy": true
        }
      ]
    },
    {
      "module": "module.eks",
      "mode": "managed",
      "type": "aws_security_group_rule",
      "name": "workers_ingress_self",
      "provider": "provider[\"registry.terraform.io/hashicorp/aws\"]",
      "instances": [
        {
          "index_key": 0,
          "schema_version": 2,
          "attributes": {
            "cidr_blocks": [],
            "description": "Allow node to communicate with each other.",
            "from_port": 0,
            "id": "sgrule-556162043",
            "ipv6_cidr_blocks": [],
            "prefix_list_ids": [],
            "protocol": "-1",
            "security_group_id": "sg-0404b117a73f38673",
            "self": false,
            "source_security_group_id": "sg-0404b117a73f38673",
            "to_port": 0,
            "type": "ingress"
          },
          "sensitive_attributes": [],
          "private": "eyJzY2hlbWFfdmVyc2lvbiI6IjIifQ==",
          "dependencies": [
            "module.eks.aws_security_group.workers",
            "module.vpc.aws_vpc.this"
          ],
          "create_before_destroy": true
        }
      ]
    },
    {
      "module": "module.eks",
      "mode": "managed",
      "type": "kubernetes_config_map",
      "name": "aws_auth",
      "provider": "provider[\"registry.terraform.io/hashicorp/kubernetes\"]",
      "instances": [
        {
          "index_key": 0,
          "schema_version": 0,
          "attributes": {
            "binary_data": {},
            "data": {
              "mapAccounts": "[]\n",
              "mapRoles": "- \"groups\":\n  - \"system:bootstrappers\"\n  - \"system:nodes\"\n  \"rolearn\": \"arn:aws:iam::745193994333:role/SimpleGoApp-cluster2022011904493981830000000b\"\n  \"username\": \"system:node:{{EC2PrivateDNSName}}\"\n- \"groups\":\n  - \"system:masters\"\n  \"rolearn\": \"arn:aws:iam::745193994333:role/SiteReliabilityEngineer\"\n  \"username\": \"KubernetesAdmin\"\n",
              "mapUsers": "[]\n"
            },
            "id": "kube-system/aws-auth",
            "metadata": [
              {
                "annotations": {},
                "generate_name": "",
                "generation": 0,
                "labels": {
                  "app.kubernetes.io/managed-by": "Terraform",
                  "terraform.io/module": "terraform-aws-modules.eks.aws"
                },
                "name": "aws-auth",
                "namespace": "kube-system",
                "resource_version": "4349",
                "uid": "e7328fca-deb4-4603-8de9-2067a0baf52e"
              }
            ]
          },
          "sensitive_attributes": [],
          "private": "bnVsbA==",
          "dependencies": [
            "aws_key_pair.worker_node_key_pair",
            "data.aws_eks_cluster.envoy_cluster",
            "data.aws_eks_cluster_auth.envoy_cluster",
            "data.aws_kms_alias.ebs_service_key",
            "module.eks.aws_eks_cluster.this",
            "module.eks.aws_iam_instance_profile.workers",
            "module.eks.aws_iam_instance_profile.workers_launch_template",
            "module.eks.aws_iam_role.workers",
            "module.eks.aws_iam_role_policy_attachment.workers_AmazonEC2ContainerRegistryReadOnly",
            "module.eks.aws_iam_role_policy_attachment.workers_AmazonEKSWorkerNodePolicy",
            "module.eks.aws_iam_role_policy_attachment.workers_AmazonEKS_CNI_Policy",
            "module.eks.data.aws_ami.eks_worker",
            "module.eks.data.aws_ami.eks_worker_windows",
            "module.eks.data.aws_caller_identity.current",
            "module.eks.data.aws_iam_instance_profile.custom_worker_group_iam_instance_profile",
            "module.eks.data.aws_iam_instance_profile.custom_worker_group_launch_template_iam_instance_profile",
            "module.eks.data.aws_partition.current",
            "module.eks.data.http.wait_for_cluster",
            "module.eks.module.fargate.aws_iam_role.eks_fargate_pod",
            "module.eks.module.fargate.data.aws_iam_role.custom_fargate_iam_role",
            "module.vpc.aws_subnet.private"
          ]
        }
      ]
    },
    {
      "module": "module.eks.module.fargate",
      "mode": "data",
      "type": "aws_partition",
      "name": "current",
      "provider": "provider[\"registry.terraform.io/hashicorp/aws\"]",
      "instances": [
        {
          "schema_version": 0,
          "attributes": {
            "dns_suffix": "amazonaws.com",
            "id": "aws",
            "partition": "aws",
            "reverse_dns_prefix": "com.amazonaws"
          },
          "sensitive_attributes": []
        }
      ]
    },
    {
      "module": "module.eks.module.node_groups",
      "mode": "data",
      "type": "cloudinit_config",
      "name": "workers_userdata",
      "provider": "provider[\"registry.terraform.io/hashicorp/cloudinit\"]",
      "instances": [
        {
          "index_key": "0",
          "schema_version": 0,
          "attributes": {
            "base64_encode": true,
            "boundary": "//",
            "gzip": false,
            "id": "3507518246",
            "part": [
              {
                "content": "#!/bin/bash -e\n\n# Set bootstrap env\nprintf '#!/bin/bash\nexport ADDITIONAL_KUBELET_EXTRA_ARGS=\"\"\n' \u003e /etc/profile.d/eks-bootstrap-env.sh\n\n# Source extra environment variables in bootstrap script\nsed -i '/^set -o errexit/a\\\\nsource /etc/profile.d/eks-bootstrap-env.sh' /etc/eks/bootstrap.sh\n\n# Merge ADDITIONAL_KUBELET_EXTRA_ARGS into KUBELET_EXTRA_ARGS\nsed -i 's/^KUBELET_EXTRA_ARGS=\"${KUBELET_EXTRA_ARGS:-}/KUBELET_EXTRA_ARGS=\"${KUBELET_EXTRA_ARGS:-} ${ADDITIONAL_KUBELET_EXTRA_ARGS}/' /etc/eks/bootstrap.sh\n\n# User supplied pre userdata\n\n",
                "content_type": "text/x-shellscript",
                "filename": "",
                "merge_type": ""
              }
            ],
            "rendered": "Q29udGVudC1UeXBlOiBtdWx0aXBhcnQvbWl4ZWQ7IGJvdW5kYXJ5PSIvLyIKTUlNRS1WZXJzaW9uOiAxLjANCg0KLS0vLw0KQ29udGVudC1UcmFuc2Zlci1FbmNvZGluZzogN2JpdA0KQ29udGVudC1UeXBlOiB0ZXh0L3gtc2hlbGxzY3JpcHQNCk1pbWUtVmVyc2lvbjogMS4wDQoNCiMhL2Jpbi9iYXNoIC1lCgojIFNldCBib290c3RyYXAgZW52CnByaW50ZiAnIyEvYmluL2Jhc2gKZXhwb3J0IEFERElUSU9OQUxfS1VCRUxFVF9FWFRSQV9BUkdTPSIiCicgPiAvZXRjL3Byb2ZpbGUuZC9la3MtYm9vdHN0cmFwLWVudi5zaAoKIyBTb3VyY2UgZXh0cmEgZW52aXJvbm1lbnQgdmFyaWFibGVzIGluIGJvb3RzdHJhcCBzY3JpcHQKc2VkIC1pICcvXnNldCAtbyBlcnJleGl0L2FcXG5zb3VyY2UgL2V0Yy9wcm9maWxlLmQvZWtzLWJvb3RzdHJhcC1lbnYuc2gnIC9ldGMvZWtzL2Jvb3RzdHJhcC5zaAoKIyBNZXJnZSBBRERJVElPTkFMX0tVQkVMRVRfRVhUUkFfQVJHUyBpbnRvIEtVQkVMRVRfRVhUUkFfQVJHUwpzZWQgLWkgJ3MvXktVQkVMRVRfRVhUUkFfQVJHUz0iJHtLVUJFTEVUX0VYVFJBX0FSR1M6LX0vS1VCRUxFVF9FWFRSQV9BUkdTPSIke0tVQkVMRVRfRVhUUkFfQVJHUzotfSAke0FERElUSU9OQUxfS1VCRUxFVF9FWFRSQV9BUkdTfS8nIC9ldGMvZWtzL2Jvb3RzdHJhcC5zaAoKIyBVc2VyIHN1cHBsaWVkIHByZSB1c2VyZGF0YQoKDQotLS8vLS0NCg=="
          },
          "sensitive_attributes": []
        }
      ]
    },
    {
      "module": "module.eks.module.node_groups",
      "mode": "managed",
      "type": "aws_eks_node_group",
      "name": "workers",
      "provider": "provider[\"registry.terraform.io/hashicorp/aws\"]",
      "instances": [
        {
          "index_key": "0",
          "schema_version": 0,
          "attributes": {
            "ami_type": "AL2_x86_64",
            "arn": "arn:aws:eks:us-west-2:745193994333:nodegroup/SimpleGoApp-cluster/intel-m5-20220119044948132000000012/fcbf3855-b504-44a1-c0de-37304e673624",
            "capacity_type": "ON_DEMAND",
            "cluster_name": "SimpleGoApp-cluster",
            "disk_size": 0,
            "force_update_version": null,
            "id": "SimpleGoApp-cluster:intel-m5-20220119044948132000000012",
            "instance_types": [
              "m5.xlarge"
            ],
            "labels": {},
            "launch_template": [
              {
                "id": "lt-05f3295207addbdcc",
                "name": "intel-m5-20220119044945605700000010",
                "version": "1"
              }
            ],
            "node_group_name": "intel-m5-20220119044948132000000012",
            "node_group_name_prefix": "intel-m5-",
            "node_role_arn": "arn:aws:iam::745193994333:role/SimpleGoApp-cluster2022011904493981830000000b",
            "release_version": "1.21.5-20220112",
            "remote_access": [],
            "resources": [
              {
                "autoscaling_groups": [
                  {
                    "name": "eks-intel-m5-20220119044948132000000012-fcbf3855-b504-44a1-c0de-37304e673624"
                  }
                ],
                "remote_access_security_group_id": ""
              }
            ],
            "scaling_config": [
              {
                "desired_size": 2,
                "max_size": 3,
                "min_size": 2
              }
            ],
            "status": "ACTIVE",
            "subnet_ids": [
              "subnet-02c507a9a26a460cf",
              "subnet-0cf1a8ae4e9685244"
            ],
            "tags": {
              "Name": "SimpleGoApp-cluster-intel-m5"
            },
            "tags_all": {
              "Name": "SimpleGoApp-cluster-intel-m5",
              "Stack": "SimpleGoApp",
              "Terraform": "true",
              "WorkspaceName": "dev"
            },
            "taint": [],
            "timeouts": {
              "create": null,
              "delete": null,
              "update": null
            },
            "update_config": [
              {
                "max_unavailable": 1,
                "max_unavailable_percentage": 0
              }
            ],
            "version": "1.21"
          },
          "sensitive_attributes": [],
          "private": "eyJlMmJmYjczMC1lY2FhLTExZTYtOGY4OC0zNDM2M2JjN2M0YzAiOnsiY3JlYXRlIjozNjAwMDAwMDAwMDAwLCJkZWxldGUiOjM2MDAwMDAwMDAwMDAsInVwZGF0ZSI6MzYwMDAwMDAwMDAwMH19",
          "dependencies": [
            "module.eks.data.aws_iam_policy_document.cluster_assume_role_policy",
            "module.eks.aws_iam_role.workers",
            "module.eks.aws_iam_role_policy_attachment.cluster_AmazonEKSServicePolicy",
            "module.eks.aws_iam_role_policy_attachment.workers_AmazonEC2ContainerRegistryReadOnly",
            "module.eks.aws_eks_cluster.this",
            "module.eks.aws_security_group_rule.cluster_egress_internet",
            "module.eks.data.aws_iam_policy_document.workers_assume_role_policy",
            "module.eks.aws_iam_role_policy_attachment.cluster_AmazonEKSClusterPolicy",
            "module.eks.aws_iam_role_policy_attachment.workers_AmazonEKS_CNI_Policy",
            "module.eks.aws_security_group.workers",
            "module.eks.aws_security_group.cluster",
            "module.vpc.aws_vpc.this",
            "data.aws_kms_alias.ebs_service_key",
            "module.eks.aws_cloudwatch_log_group.this",
            "module.eks.aws_iam_role_policy_attachment.cluster_AmazonEKSVPCResourceControllerPolicy",
            "module.eks.data.aws_partition.current",
            "module.eks.module.node_groups.aws_launch_template.workers",
            "aws_key_pair.worker_node_key_pair",
            "module.eks.data.aws_ami.eks_worker",
            "module.eks.data.aws_ami.eks_worker_windows",
            "module.vpc.aws_subnet.private",
            "module.vpc.aws_vpc_ipv4_cidr_block_association.this",
            "module.eks.aws_security_group_rule.cluster_https_worker_ingress",
            "module.eks.data.aws_iam_role.custom_cluster_iam_role",
            "module.eks.module.node_groups.data.cloudinit_config.workers_userdata",
            "data.aws_availability_zones.available",
            "module.eks.aws_iam_role.cluster",
            "module.eks.aws_iam_role_policy_attachment.workers_AmazonEKSWorkerNodePolicy"
          ],
          "create_before_destroy": true
        }
      ]
    },
    {
      "module": "module.eks.module.node_groups",
      "mode": "managed",
      "type": "aws_launch_template",
      "name": "workers",
      "provider": "provider[\"registry.terraform.io/hashicorp/aws\"]",
      "instances": [
        {
          "index_key": "0",
          "schema_version": 0,
          "attributes": {
            "arn": "arn:aws:ec2:us-west-2:745193994333:launch-template/lt-05f3295207addbdcc",
            "block_device_mappings": [
              {
                "device_name": "/dev/xvda",
                "ebs": [
                  {
                    "delete_on_termination": "true",
                    "encrypted": "true",
                    "iops": 0,
                    "kms_key_id": "arn:aws:kms:us-west-2:745193994333:key/ed86959c-2319-44f0-8b38-180a36a055c4",
                    "snapshot_id": "",
                    "throughput": 0,
                    "volume_size": 20,
                    "volume_type": "gp3"
                  }
                ],
                "no_device": "",
                "virtual_name": ""
              }
            ],
            "capacity_reservation_specification": [],
            "cpu_options": [],
            "credit_specification": [],
            "default_version": 1,
            "description": "EKS Managed Node Group custom LT for intel-m5-",
            "disable_api_termination": false,
            "ebs_optimized": "true",
            "elastic_gpu_specifications": [],
            "elastic_inference_accelerator": [],
            "enclave_options": [],
            "hibernation_options": [],
            "iam_instance_profile": [],
            "id": "lt-05f3295207addbdcc",
            "image_id": "",
            "instance_initiated_shutdown_behavior": "",
            "instance_market_options": [],
            "instance_type": "",
            "kernel_id": "",
            "key_name": "SimpleGoApp-cluster/KEY",
            "latest_version": 1,
            "license_specification": [],
            "metadata_options": [
              {
                "http_endpoint": "enabled",
                "http_protocol_ipv6": "disabled",
                "http_put_response_hop_limit": 0,
                "http_tokens": "optional",
                "instance_metadata_tags": "disabled"
              }
            ],
            "monitoring": [
              {
                "enabled": true
              }
            ],
            "name": "intel-m5-20220119044945605700000010",
            "name_prefix": "intel-m5-",
            "network_interfaces": [
              {
                "associate_carrier_ip_address": "",
                "associate_public_ip_address": "false",
                "delete_on_termination": "true",
                "description": "",
                "device_index": 0,
                "interface_type": "",
                "ipv4_address_count": 0,
                "ipv4_addresses": [],
                "ipv6_address_count": 0,
                "ipv6_addresses": [],
                "network_card_index": 0,
                "network_interface_id": "",
                "private_ip_address": "",
                "security_groups": [
                  "sg-0404b117a73f38673"
                ],
                "subnet_id": ""
              }
            ],
            "placement": [],
            "ram_disk_id": "",
            "security_group_names": [],
            "tag_specifications": [
              {
                "resource_type": "instance",
                "tags": {
                  "Name": "SimpleGoApp-cluster-intel-m5"
                }
              },
              {
                "resource_type": "volume",
                "tags": {
                  "Name": "SimpleGoApp-cluster-intel-m5"
                }
              },
              {
                "resource_type": "network-interface",
                "tags": {
                  "Name": "SimpleGoApp-cluster-intel-m5"
                }
              }
            ],
            "tags": {
              "Name": "SimpleGoApp-cluster-intel-m5"
            },
            "tags_all": {
              "Name": "SimpleGoApp-cluster-intel-m5",
              "Stack": "SimpleGoApp",
              "Terraform": "true",
              "WorkspaceName": "dev"
            },
            "update_default_version": true,
            "user_data": "Q29udGVudC1UeXBlOiBtdWx0aXBhcnQvbWl4ZWQ7IGJvdW5kYXJ5PSIvLyIKTUlNRS1WZXJzaW9uOiAxLjANCg0KLS0vLw0KQ29udGVudC1UcmFuc2Zlci1FbmNvZGluZzogN2JpdA0KQ29udGVudC1UeXBlOiB0ZXh0L3gtc2hlbGxzY3JpcHQNCk1pbWUtVmVyc2lvbjogMS4wDQoNCiMhL2Jpbi9iYXNoIC1lCgojIFNldCBib290c3RyYXAgZW52CnByaW50ZiAnIyEvYmluL2Jhc2gKZXhwb3J0IEFERElUSU9OQUxfS1VCRUxFVF9FWFRSQV9BUkdTPSIiCicgPiAvZXRjL3Byb2ZpbGUuZC9la3MtYm9vdHN0cmFwLWVudi5zaAoKIyBTb3VyY2UgZXh0cmEgZW52aXJvbm1lbnQgdmFyaWFibGVzIGluIGJvb3RzdHJhcCBzY3JpcHQKc2VkIC1pICcvXnNldCAtbyBlcnJleGl0L2FcXG5zb3VyY2UgL2V0Yy9wcm9maWxlLmQvZWtzLWJvb3RzdHJhcC1lbnYuc2gnIC9ldGMvZWtzL2Jvb3RzdHJhcC5zaAoKIyBNZXJnZSBBRERJVElPTkFMX0tVQkVMRVRfRVhUUkFfQVJHUyBpbnRvIEtVQkVMRVRfRVhUUkFfQVJHUwpzZWQgLWkgJ3MvXktVQkVMRVRfRVhUUkFfQVJHUz0iJHtLVUJFTEVUX0VYVFJBX0FSR1M6LX0vS1VCRUxFVF9FWFRSQV9BUkdTPSIke0tVQkVMRVRfRVhUUkFfQVJHUzotfSAke0FERElUSU9OQUxfS1VCRUxFVF9FWFRSQV9BUkdTfS8nIC9ldGMvZWtzL2Jvb3RzdHJhcC5zaAoKIyBVc2VyIHN1cHBsaWVkIHByZSB1c2VyZGF0YQoKDQotLS8vLS0NCg==",
            "vpc_security_group_ids": []
          },
          "sensitive_attributes": [],
          "private": "bnVsbA==",
          "dependencies": [
            "data.aws_availability_zones.available",
            "module.eks.aws_cloudwatch_log_group.this",
            "module.eks.aws_iam_role.workers",
            "module.eks.aws_iam_role_policy_attachment.workers_AmazonEKSWorkerNodePolicy",
            "module.eks.data.aws_partition.current",
            "module.eks.data.aws_ami.eks_worker_windows",
            "data.aws_kms_alias.ebs_service_key",
            "module.eks.aws_iam_role_policy_attachment.cluster_AmazonEKSVPCResourceControllerPolicy",
            "module.eks.aws_security_group_rule.cluster_egress_internet",
            "module.eks.data.aws_ami.eks_worker",
            "module.vpc.aws_subnet.private",
            "module.eks.aws_iam_role.cluster",
            "module.eks.aws_security_group.cluster",
            "module.eks.aws_security_group_rule.cluster_https_worker_ingress",
            "module.eks.data.aws_iam_policy_document.workers_assume_role_policy",
            "module.eks.module.node_groups.data.cloudinit_config.workers_userdata",
            "module.vpc.aws_vpc_ipv4_cidr_block_association.this",
            "module.eks.aws_iam_role_policy_attachment.cluster_AmazonEKSServicePolicy",
            "module.eks.aws_security_group.workers",
            "module.eks.data.aws_iam_role.custom_cluster_iam_role",
            "module.vpc.aws_vpc.this",
            "module.eks.aws_iam_role_policy_attachment.workers_AmazonEKS_CNI_Policy",
            "module.eks.data.aws_iam_policy_document.cluster_assume_role_policy",
            "aws_key_pair.worker_node_key_pair",
            "module.eks.aws_eks_cluster.this",
            "module.eks.aws_iam_role_policy_attachment.cluster_AmazonEKSClusterPolicy",
            "module.eks.aws_iam_role_policy_attachment.workers_AmazonEC2ContainerRegistryReadOnly"
          ],
          "create_before_destroy": true
        }
      ]
    },
    {
      "module": "module.vpc",
      "mode": "managed",
      "type": "aws_eip",
      "name": "nat",
      "provider": "provider[\"registry.terraform.io/hashicorp/aws\"]",
      "instances": [
        {
          "index_key": 0,
          "schema_version": 0,
          "attributes": {
            "address": null,
            "allocation_id": "eipalloc-053afc7c606f0bf3f",
            "associate_with_private_ip": null,
            "association_id": "eipassoc-04aa232f2b0819d38",
            "carrier_ip": "",
            "customer_owned_ip": "",
            "customer_owned_ipv4_pool": "",
            "domain": "vpc",
            "id": "eipalloc-053afc7c606f0bf3f",
            "instance": "",
            "network_border_group": "us-west-2",
            "network_interface": "eni-0d866d16fbb883426",
            "private_dns": "ip-192-168-142-25.us-west-2.compute.internal",
            "private_ip": "192.168.142.25",
            "public_dns": "ec2-35-85-249-177.us-west-2.compute.amazonaws.com",
            "public_ip": "35.85.249.177",
            "public_ipv4_pool": "amazon",
            "tags": {
              "Name": "SimpleGoApp-us-west-2a"
            },
            "tags_all": {
              "Name": "SimpleGoApp-us-west-2a",
              "Stack": "SimpleGoApp",
              "Terraform": "true",
              "WorkspaceName": "dev"
            },
            "timeouts": null,
            "vpc": true
          },
          "sensitive_attributes": [],
          "private": "eyJlMmJmYjczMC1lY2FhLTExZTYtOGY4OC0zNDM2M2JjN2M0YzAiOnsiZGVsZXRlIjoxODAwMDAwMDAwMDAsInJlYWQiOjkwMDAwMDAwMDAwMCwidXBkYXRlIjozMDAwMDAwMDAwMDB9fQ==",
          "dependencies": [
            "data.aws_availability_zones.available"
          ]
        },
        {
          "index_key": 1,
          "schema_version": 0,
          "attributes": {
            "address": null,
            "allocation_id": "eipalloc-091c921fe24a8de87",
            "associate_with_private_ip": null,
            "association_id": "eipassoc-01074d6bcd28c313b",
            "carrier_ip": "",
            "customer_owned_ip": "",
            "customer_owned_ipv4_pool": "",
            "domain": "vpc",
            "id": "eipalloc-091c921fe24a8de87",
            "instance": "",
            "network_border_group": "us-west-2",
            "network_interface": "eni-06d8f16f52f86e435",
            "private_dns": "ip-192-168-215-235.us-west-2.compute.internal",
            "private_ip": "192.168.215.235",
            "public_dns": "ec2-44-237-32-189.us-west-2.compute.amazonaws.com",
            "public_ip": "44.237.32.189",
            "public_ipv4_pool": "amazon",
            "tags": {
              "Name": "SimpleGoApp-us-west-2b"
            },
            "tags_all": {
              "Name": "SimpleGoApp-us-west-2b",
              "Stack": "SimpleGoApp",
              "Terraform": "true",
              "WorkspaceName": "dev"
            },
            "timeouts": null,
            "vpc": true
          },
          "sensitive_attributes": [],
          "private": "eyJlMmJmYjczMC1lY2FhLTExZTYtOGY4OC0zNDM2M2JjN2M0YzAiOnsiZGVsZXRlIjoxODAwMDAwMDAwMDAsInJlYWQiOjkwMDAwMDAwMDAwMCwidXBkYXRlIjozMDAwMDAwMDAwMDB9fQ==",
          "dependencies": [
            "data.aws_availability_zones.available"
          ]
        }
      ]
    },
    {
      "module": "module.vpc",
      "mode": "managed",
      "type": "aws_internet_gateway",
      "name": "this",
      "provider": "provider[\"registry.terraform.io/hashicorp/aws\"]",
      "instances": [
        {
          "index_key": 0,
          "schema_version": 0,
          "attributes": {
            "arn": "arn:aws:ec2:us-west-2:745193994333:internet-gateway/igw-0d3486f462915071c",
            "id": "igw-0d3486f462915071c",
            "owner_id": "745193994333",
            "tags": {
              "Name": "SimpleGoApp"
            },
            "tags_all": {
              "Name": "SimpleGoApp",
              "Stack": "SimpleGoApp",
              "Terraform": "true",
              "WorkspaceName": "dev"
            },
            "vpc_id": "vpc-05ab099c71cb847ae"
          },
          "sensitive_attributes": [],
          "private": "bnVsbA==",
          "dependencies": [
            "module.vpc.aws_vpc.this",
            "module.vpc.aws_vpc_ipv4_cidr_block_association.this"
          ]
        }
      ]
    },
    {
      "module": "module.vpc",
      "mode": "managed",
      "type": "aws_nat_gateway",
      "name": "this",
      "provider": "provider[\"registry.terraform.io/hashicorp/aws\"]",
      "instances": [
        {
          "index_key": 0,
          "schema_version": 0,
          "attributes": {
            "allocation_id": "eipalloc-053afc7c606f0bf3f",
            "connectivity_type": "public",
            "id": "nat-0089104a18ecaa941",
            "network_interface_id": "eni-0d866d16fbb883426",
            "private_ip": "192.168.142.25",
            "public_ip": "35.85.249.177",
            "subnet_id": "subnet-08c60e9b0ab087416",
            "tags": {
              "Name": "SimpleGoApp-us-west-2a"
            },
            "tags_all": {
              "Name": "SimpleGoApp-us-west-2a",
              "Stack": "SimpleGoApp",
              "Terraform": "true",
              "WorkspaceName": "dev"
            }
          },
          "sensitive_attributes": [],
          "private": "bnVsbA==",
          "dependencies": [
            "module.vpc.aws_subnet.public",
            "module.vpc.aws_vpc.this",
            "module.vpc.aws_vpc_ipv4_cidr_block_association.this",
            "data.aws_availability_zones.available",
            "module.vpc.aws_eip.nat",
            "module.vpc.aws_internet_gateway.this"
          ]
        },
        {
          "index_key": 1,
          "schema_version": 0,
          "attributes": {
            "allocation_id": "eipalloc-091c921fe24a8de87",
            "connectivity_type": "public",
            "id": "nat-03b551ca1d28351fd",
            "network_interface_id": "eni-06d8f16f52f86e435",
            "private_ip": "192.168.215.235",
            "public_ip": "44.237.32.189",
            "subnet_id": "subnet-03cc112b42f7ec5ed",
            "tags": {
              "Name": "SimpleGoApp-us-west-2b"
            },
            "tags_all": {
              "Name": "SimpleGoApp-us-west-2b",
              "Stack": "SimpleGoApp",
              "Terraform": "true",
              "WorkspaceName": "dev"
            }
          },
          "sensitive_attributes": [],
          "private": "bnVsbA==",
          "dependencies": [
            "data.aws_availability_zones.available",
            "module.vpc.aws_eip.nat",
            "module.vpc.aws_internet_gateway.this",
            "module.vpc.aws_subnet.public",
            "module.vpc.aws_vpc.this",
            "module.vpc.aws_vpc_ipv4_cidr_block_association.this"
          ]
        }
      ]
    },
    {
      "module": "module.vpc",
      "mode": "managed",
      "type": "aws_route",
      "name": "private_nat_gateway",
      "provider": "provider[\"registry.terraform.io/hashicorp/aws\"]",
      "instances": [
        {
          "index_key": 0,
          "schema_version": 0,
          "attributes": {
            "carrier_gateway_id": "",
            "destination_cidr_block": "0.0.0.0/0",
            "destination_ipv6_cidr_block": "",
            "destination_prefix_list_id": "",
            "egress_only_gateway_id": "",
            "gateway_id": "",
            "id": "r-rtb-08575a7691e1a58ea1080289494",
            "instance_id": "",
            "instance_owner_id": "",
            "local_gateway_id": "",
            "nat_gateway_id": "nat-0089104a18ecaa941",
            "network_interface_id": "",
            "origin": "CreateRoute",
            "route_table_id": "rtb-08575a7691e1a58ea",
            "state": "active",
            "timeouts": {
              "create": "5m",
              "delete": null,
              "update": null
            },
            "transit_gateway_id": "",
            "vpc_endpoint_id": "",
            "vpc_peering_connection_id": ""
          },
          "sensitive_attributes": [],
          "private": "eyJlMmJmYjczMC1lY2FhLTExZTYtOGY4OC0zNDM2M2JjN2M0YzAiOnsiY3JlYXRlIjozMDAwMDAwMDAwMDAsImRlbGV0ZSI6MzAwMDAwMDAwMDAwLCJ1cGRhdGUiOjEyMDAwMDAwMDAwMH19",
          "dependencies": [
            "module.vpc.aws_eip.nat",
            "module.vpc.aws_internet_gateway.this",
            "module.vpc.aws_nat_gateway.this",
            "module.vpc.aws_route_table.private",
            "module.vpc.aws_subnet.public",
            "module.vpc.aws_vpc.this",
            "module.vpc.aws_vpc_ipv4_cidr_block_association.this",
            "data.aws_availability_zones.available"
          ]
        },
        {
          "index_key": 1,
          "schema_version": 0,
          "attributes": {
            "carrier_gateway_id": "",
            "destination_cidr_block": "0.0.0.0/0",
            "destination_ipv6_cidr_block": "",
            "destination_prefix_list_id": "",
            "egress_only_gateway_id": "",
            "gateway_id": "",
            "id": "r-rtb-083e9347b0bf48a621080289494",
            "instance_id": "",
            "instance_owner_id": "",
            "local_gateway_id": "",
            "nat_gateway_id": "nat-03b551ca1d28351fd",
            "network_interface_id": "",
            "origin": "CreateRoute",
            "route_table_id": "rtb-083e9347b0bf48a62",
            "state": "active",
            "timeouts": {
              "create": "5m",
              "delete": null,
              "update": null
            },
            "transit_gateway_id": "",
            "vpc_endpoint_id": "",
            "vpc_peering_connection_id": ""
          },
          "sensitive_attributes": [],
          "private": "eyJlMmJmYjczMC1lY2FhLTExZTYtOGY4OC0zNDM2M2JjN2M0YzAiOnsiY3JlYXRlIjozMDAwMDAwMDAwMDAsImRlbGV0ZSI6MzAwMDAwMDAwMDAwLCJ1cGRhdGUiOjEyMDAwMDAwMDAwMH19",
          "dependencies": [
            "module.vpc.aws_route_table.private",
            "module.vpc.aws_subnet.public",
            "module.vpc.aws_vpc.this",
            "module.vpc.aws_vpc_ipv4_cidr_block_association.this",
            "data.aws_availability_zones.available",
            "module.vpc.aws_eip.nat",
            "module.vpc.aws_internet_gateway.this",
            "module.vpc.aws_nat_gateway.this"
          ]
        }
      ]
    },
    {
      "module": "module.vpc",
      "mode": "managed",
      "type": "aws_route",
      "name": "public_internet_gateway",
      "provider": "provider[\"registry.terraform.io/hashicorp/aws\"]",
      "instances": [
        {
          "index_key": 0,
          "schema_version": 0,
          "attributes": {
            "carrier_gateway_id": "",
            "destination_cidr_block": "0.0.0.0/0",
            "destination_ipv6_cidr_block": "",
            "destination_prefix_list_id": "",
            "egress_only_gateway_id": "",
            "gateway_id": "igw-0d3486f462915071c",
            "id": "r-rtb-0f62d90f8b9cc866c1080289494",
            "instance_id": "",
            "instance_owner_id": "",
            "local_gateway_id": "",
            "nat_gateway_id": "",
            "network_interface_id": "",
            "origin": "CreateRoute",
            "route_table_id": "rtb-0f62d90f8b9cc866c",
            "state": "active",
            "timeouts": {
              "create": "5m",
              "delete": null,
              "update": null
            },
            "transit_gateway_id": "",
            "vpc_endpoint_id": "",
            "vpc_peering_connection_id": ""
          },
          "sensitive_attributes": [],
          "private": "eyJlMmJmYjczMC1lY2FhLTExZTYtOGY4OC0zNDM2M2JjN2M0YzAiOnsiY3JlYXRlIjozMDAwMDAwMDAwMDAsImRlbGV0ZSI6MzAwMDAwMDAwMDAwLCJ1cGRhdGUiOjEyMDAwMDAwMDAwMH19",
          "dependencies": [
            "module.vpc.aws_internet_gateway.this",
            "module.vpc.aws_route_table.public",
            "module.vpc.aws_vpc.this",
            "module.vpc.aws_vpc_ipv4_cidr_block_association.this"
          ]
        }
      ]
    },
    {
      "module": "module.vpc",
      "mode": "managed",
      "type": "aws_route_table",
      "name": "private",
      "provider": "provider[\"registry.terraform.io/hashicorp/aws\"]",
      "instances": [
        {
          "index_key": 0,
          "schema_version": 0,
          "attributes": {
            "arn": "arn:aws:ec2:us-west-2:745193994333:route-table/rtb-08575a7691e1a58ea",
            "id": "rtb-08575a7691e1a58ea",
            "owner_id": "745193994333",
            "propagating_vgws": [],
            "route": [
              {
                "carrier_gateway_id": "",
                "cidr_block": "0.0.0.0/0",
                "destination_prefix_list_id": "",
                "egress_only_gateway_id": "",
                "gateway_id": "",
                "instance_id": "",
                "ipv6_cidr_block": "",
                "local_gateway_id": "",
                "nat_gateway_id": "nat-0089104a18ecaa941",
                "network_interface_id": "",
                "transit_gateway_id": "",
                "vpc_endpoint_id": "",
                "vpc_peering_connection_id": ""
              }
            ],
            "tags": {
              "Name": "SimpleGoApp-private-us-west-2a"
            },
            "tags_all": {
              "Name": "SimpleGoApp-private-us-west-2a",
              "Stack": "SimpleGoApp",
              "Terraform": "true",
              "WorkspaceName": "dev"
            },
            "timeouts": null,
            "vpc_id": "vpc-05ab099c71cb847ae"
          },
          "sensitive_attributes": [],
          "private": "eyJlMmJmYjczMC1lY2FhLTExZTYtOGY4OC0zNDM2M2JjN2M0YzAiOnsiY3JlYXRlIjozMDAwMDAwMDAwMDAsImRlbGV0ZSI6MzAwMDAwMDAwMDAwLCJ1cGRhdGUiOjEyMDAwMDAwMDAwMH19",
          "dependencies": [
            "data.aws_availability_zones.available",
            "module.vpc.aws_vpc.this",
            "module.vpc.aws_vpc_ipv4_cidr_block_association.this"
          ]
        },
        {
          "index_key": 1,
          "schema_version": 0,
          "attributes": {
            "arn": "arn:aws:ec2:us-west-2:745193994333:route-table/rtb-083e9347b0bf48a62",
            "id": "rtb-083e9347b0bf48a62",
            "owner_id": "745193994333",
            "propagating_vgws": [],
            "route": [
              {
                "carrier_gateway_id": "",
                "cidr_block": "0.0.0.0/0",
                "destination_prefix_list_id": "",
                "egress_only_gateway_id": "",
                "gateway_id": "",
                "instance_id": "",
                "ipv6_cidr_block": "",
                "local_gateway_id": "",
                "nat_gateway_id": "nat-03b551ca1d28351fd",
                "network_interface_id": "",
                "transit_gateway_id": "",
                "vpc_endpoint_id": "",
                "vpc_peering_connection_id": ""
              }
            ],
            "tags": {
              "Name": "SimpleGoApp-private-us-west-2b"
            },
            "tags_all": {
              "Name": "SimpleGoApp-private-us-west-2b",
              "Stack": "SimpleGoApp",
              "Terraform": "true",
              "WorkspaceName": "dev"
            },
            "timeouts": null,
            "vpc_id": "vpc-05ab099c71cb847ae"
          },
          "sensitive_attributes": [],
          "private": "eyJlMmJmYjczMC1lY2FhLTExZTYtOGY4OC0zNDM2M2JjN2M0YzAiOnsiY3JlYXRlIjozMDAwMDAwMDAwMDAsImRlbGV0ZSI6MzAwMDAwMDAwMDAwLCJ1cGRhdGUiOjEyMDAwMDAwMDAwMH19",
          "dependencies": [
            "module.vpc.aws_vpc.this",
            "module.vpc.aws_vpc_ipv4_cidr_block_association.this",
            "data.aws_availability_zones.available"
          ]
        }
      ]
    },
    {
      "module": "module.vpc",
      "mode": "managed",
      "type": "aws_route_table",
      "name": "public",
      "provider": "provider[\"registry.terraform.io/hashicorp/aws\"]",
      "instances": [
        {
          "index_key": 0,
          "schema_version": 0,
          "attributes": {
            "arn": "arn:aws:ec2:us-west-2:745193994333:route-table/rtb-0f62d90f8b9cc866c",
            "id": "rtb-0f62d90f8b9cc866c",
            "owner_id": "745193994333",
            "propagating_vgws": [],
            "route": [
              {
                "carrier_gateway_id": "",
                "cidr_block": "0.0.0.0/0",
                "destination_prefix_list_id": "",
                "egress_only_gateway_id": "",
                "gateway_id": "igw-0d3486f462915071c",
                "instance_id": "",
                "ipv6_cidr_block": "",
                "local_gateway_id": "",
                "nat_gateway_id": "",
                "network_interface_id": "",
                "transit_gateway_id": "",
                "vpc_endpoint_id": "",
                "vpc_peering_connection_id": ""
              }
            ],
            "tags": {
              "Name": "SimpleGoApp-public"
            },
            "tags_all": {
              "Name": "SimpleGoApp-public",
              "Stack": "SimpleGoApp",
              "Terraform": "true",
              "WorkspaceName": "dev"
            },
            "timeouts": null,
            "vpc_id": "vpc-05ab099c71cb847ae"
          },
          "sensitive_attributes": [],
          "private": "eyJlMmJmYjczMC1lY2FhLTExZTYtOGY4OC0zNDM2M2JjN2M0YzAiOnsiY3JlYXRlIjozMDAwMDAwMDAwMDAsImRlbGV0ZSI6MzAwMDAwMDAwMDAwLCJ1cGRhdGUiOjEyMDAwMDAwMDAwMH19",
          "dependencies": [
            "module.vpc.aws_vpc.this",
            "module.vpc.aws_vpc_ipv4_cidr_block_association.this"
          ]
        }
      ]
    },
    {
      "module": "module.vpc",
      "mode": "managed",
      "type": "aws_route_table_association",
      "name": "private",
      "provider": "provider[\"registry.terraform.io/hashicorp/aws\"]",
      "instances": [
        {
          "index_key": 0,
          "schema_version": 0,
          "attributes": {
            "gateway_id": "",
            "id": "rtbassoc-0286ace4bd6a0ec60",
            "route_table_id": "rtb-08575a7691e1a58ea",
            "subnet_id": "subnet-02c507a9a26a460cf"
          },
          "sensitive_attributes": [],
          "private": "bnVsbA==",
          "dependencies": [
            "module.vpc.aws_route_table.private",
            "module.vpc.aws_subnet.private",
            "module.vpc.aws_vpc.this",
            "module.vpc.aws_vpc_ipv4_cidr_block_association.this",
            "data.aws_availability_zones.available"
          ]
        },
        {
          "index_key": 1,
          "schema_version": 0,
          "attributes": {
            "gateway_id": "",
            "id": "rtbassoc-07648648d4240cecf",
            "route_table_id": "rtb-083e9347b0bf48a62",
            "subnet_id": "subnet-0cf1a8ae4e9685244"
          },
          "sensitive_attributes": [],
          "private": "bnVsbA==",
          "dependencies": [
            "module.vpc.aws_subnet.private",
            "module.vpc.aws_vpc.this",
            "module.vpc.aws_vpc_ipv4_cidr_block_association.this",
            "data.aws_availability_zones.available",
            "module.vpc.aws_route_table.private"
          ]
        }
      ]
    },
    {
      "module": "module.vpc",
      "mode": "managed",
      "type": "aws_route_table_association",
      "name": "public",
      "provider": "provider[\"registry.terraform.io/hashicorp/aws\"]",
      "instances": [
        {
          "index_key": 0,
          "schema_version": 0,
          "attributes": {
            "gateway_id": "",
            "id": "rtbassoc-0c3e0af2774e3c9a3",
            "route_table_id": "rtb-0f62d90f8b9cc866c",
            "subnet_id": "subnet-08c60e9b0ab087416"
          },
          "sensitive_attributes": [],
          "private": "bnVsbA==",
          "dependencies": [
            "data.aws_availability_zones.available",
            "module.vpc.aws_route_table.public",
            "module.vpc.aws_subnet.public",
            "module.vpc.aws_vpc.this",
            "module.vpc.aws_vpc_ipv4_cidr_block_association.this"
          ]
        },
        {
          "index_key": 1,
          "schema_version": 0,
          "attributes": {
            "gateway_id": "",
            "id": "rtbassoc-02a68f75384d10605",
            "route_table_id": "rtb-0f62d90f8b9cc866c",
            "subnet_id": "subnet-03cc112b42f7ec5ed"
          },
          "sensitive_attributes": [],
          "private": "bnVsbA==",
          "dependencies": [
            "module.vpc.aws_vpc_ipv4_cidr_block_association.this",
            "data.aws_availability_zones.available",
            "module.vpc.aws_route_table.public",
            "module.vpc.aws_subnet.public",
            "module.vpc.aws_vpc.this"
          ]
        }
      ]
    },
    {
      "module": "module.vpc",
      "mode": "managed",
      "type": "aws_subnet",
      "name": "private",
      "provider": "provider[\"registry.terraform.io/hashicorp/aws\"]",
      "instances": [
        {
          "index_key": 0,
          "schema_version": 1,
          "attributes": {
            "arn": "arn:aws:ec2:us-west-2:745193994333:subnet/subnet-02c507a9a26a460cf",
            "assign_ipv6_address_on_creation": false,
            "availability_zone": "us-west-2a",
            "availability_zone_id": "usw2-az2",
            "cidr_block": "192.168.0.0/18",
            "customer_owned_ipv4_pool": "",
            "enable_dns64": false,
            "enable_resource_name_dns_a_record_on_launch": false,
            "enable_resource_name_dns_aaaa_record_on_launch": false,
            "id": "subnet-02c507a9a26a460cf",
            "ipv6_cidr_block": "",
            "ipv6_cidr_block_association_id": "",
            "ipv6_native": false,
            "map_customer_owned_ip_on_launch": false,
            "map_public_ip_on_launch": false,
            "outpost_arn": "",
            "owner_id": "745193994333",
            "private_dns_hostname_type_on_launch": "ip-name",
            "tags": {
              "Name": "SimpleGoApp-private-us-west-2a"
            },
            "tags_all": {
              "Name": "SimpleGoApp-private-us-west-2a",
              "Stack": "SimpleGoApp",
              "Terraform": "true",
              "WorkspaceName": "dev"
            },
            "timeouts": null,
            "vpc_id": "vpc-05ab099c71cb847ae"
          },
          "sensitive_attributes": [],
          "private": "eyJlMmJmYjczMC1lY2FhLTExZTYtOGY4OC0zNDM2M2JjN2M0YzAiOnsiY3JlYXRlIjo2MDAwMDAwMDAwMDAsImRlbGV0ZSI6MTIwMDAwMDAwMDAwMH0sInNjaGVtYV92ZXJzaW9uIjoiMSJ9",
          "dependencies": [
            "data.aws_availability_zones.available",
            "module.vpc.aws_vpc.this",
            "module.vpc.aws_vpc_ipv4_cidr_block_association.this"
          ],
          "create_before_destroy": true
        },
        {
          "index_key": 1,
          "schema_version": 1,
          "attributes": {
            "arn": "arn:aws:ec2:us-west-2:745193994333:subnet/subnet-0cf1a8ae4e9685244",
            "assign_ipv6_address_on_creation": false,
            "availability_zone": "us-west-2b",
            "availability_zone_id": "usw2-az1",
            "cidr_block": "192.168.64.0/18",
            "customer_owned_ipv4_pool": "",
            "enable_dns64": false,
            "enable_resource_name_dns_a_record_on_launch": false,
            "enable_resource_name_dns_aaaa_record_on_launch": false,
            "id": "subnet-0cf1a8ae4e9685244",
            "ipv6_cidr_block": "",
            "ipv6_cidr_block_association_id": "",
            "ipv6_native": false,
            "map_customer_owned_ip_on_launch": false,
            "map_public_ip_on_launch": false,
            "outpost_arn": "",
            "owner_id": "745193994333",
            "private_dns_hostname_type_on_launch": "ip-name",
            "tags": {
              "Name": "SimpleGoApp-private-us-west-2b"
            },
            "tags_all": {
              "Name": "SimpleGoApp-private-us-west-2b",
              "Stack": "SimpleGoApp",
              "Terraform": "true",
              "WorkspaceName": "dev"
            },
            "timeouts": null,
            "vpc_id": "vpc-05ab099c71cb847ae"
          },
          "sensitive_attributes": [],
          "private": "eyJlMmJmYjczMC1lY2FhLTExZTYtOGY4OC0zNDM2M2JjN2M0YzAiOnsiY3JlYXRlIjo2MDAwMDAwMDAwMDAsImRlbGV0ZSI6MTIwMDAwMDAwMDAwMH0sInNjaGVtYV92ZXJzaW9uIjoiMSJ9",
          "dependencies": [
            "data.aws_availability_zones.available",
            "module.vpc.aws_vpc.this",
            "module.vpc.aws_vpc_ipv4_cidr_block_association.this"
          ],
          "create_before_destroy": true
        }
      ]
    },
    {
      "module": "module.vpc",
      "mode": "managed",
      "type": "aws_subnet",
      "name": "public",
      "provider": "provider[\"registry.terraform.io/hashicorp/aws\"]",
      "instances": [
        {
          "index_key": 0,
          "schema_version": 1,
          "attributes": {
            "arn": "arn:aws:ec2:us-west-2:745193994333:subnet/subnet-08c60e9b0ab087416",
            "assign_ipv6_address_on_creation": false,
            "availability_zone": "us-west-2a",
            "availability_zone_id": "usw2-az2",
            "cidr_block": "192.168.128.0/18",
            "customer_owned_ipv4_pool": "",
            "enable_dns64": false,
            "enable_resource_name_dns_a_record_on_launch": false,
            "enable_resource_name_dns_aaaa_record_on_launch": false,
            "id": "subnet-08c60e9b0ab087416",
            "ipv6_cidr_block": "",
            "ipv6_cidr_block_association_id": "",
            "ipv6_native": false,
            "map_customer_owned_ip_on_launch": false,
            "map_public_ip_on_launch": true,
            "outpost_arn": "",
            "owner_id": "745193994333",
            "private_dns_hostname_type_on_launch": "ip-name",
            "tags": {
              "Name": "SimpleGoApp-public-us-west-2a"
            },
            "tags_all": {
              "Name": "SimpleGoApp-public-us-west-2a",
              "Stack": "SimpleGoApp",
              "Terraform": "true",
              "WorkspaceName": "dev"
            },
            "timeouts": null,
            "vpc_id": "vpc-05ab099c71cb847ae"
          },
          "sensitive_attributes": [],
          "private": "eyJlMmJmYjczMC1lY2FhLTExZTYtOGY4OC0zNDM2M2JjN2M0YzAiOnsiY3JlYXRlIjo2MDAwMDAwMDAwMDAsImRlbGV0ZSI6MTIwMDAwMDAwMDAwMH0sInNjaGVtYV92ZXJzaW9uIjoiMSJ9",
          "dependencies": [
            "data.aws_availability_zones.available",
            "module.vpc.aws_vpc.this",
            "module.vpc.aws_vpc_ipv4_cidr_block_association.this"
          ]
        },
        {
          "index_key": 1,
          "schema_version": 1,
          "attributes": {
            "arn": "arn:aws:ec2:us-west-2:745193994333:subnet/subnet-03cc112b42f7ec5ed",
            "assign_ipv6_address_on_creation": false,
            "availability_zone": "us-west-2b",
            "availability_zone_id": "usw2-az1",
            "cidr_block": "192.168.192.0/18",
            "customer_owned_ipv4_pool": "",
            "enable_dns64": false,
            "enable_resource_name_dns_a_record_on_launch": false,
            "enable_resource_name_dns_aaaa_record_on_launch": false,
            "id": "subnet-03cc112b42f7ec5ed",
            "ipv6_cidr_block": "",
            "ipv6_cidr_block_association_id": "",
            "ipv6_native": false,
            "map_customer_owned_ip_on_launch": false,
            "map_public_ip_on_launch": true,
            "outpost_arn": "",
            "owner_id": "745193994333",
            "private_dns_hostname_type_on_launch": "ip-name",
            "tags": {
              "Name": "SimpleGoApp-public-us-west-2b"
            },
            "tags_all": {
              "Name": "SimpleGoApp-public-us-west-2b",
              "Stack": "SimpleGoApp",
              "Terraform": "true",
              "WorkspaceName": "dev"
            },
            "timeouts": null,
            "vpc_id": "vpc-05ab099c71cb847ae"
          },
          "sensitive_attributes": [],
          "private": "eyJlMmJmYjczMC1lY2FhLTExZTYtOGY4OC0zNDM2M2JjN2M0YzAiOnsiY3JlYXRlIjo2MDAwMDAwMDAwMDAsImRlbGV0ZSI6MTIwMDAwMDAwMDAwMH0sInNjaGVtYV92ZXJzaW9uIjoiMSJ9",
          "dependencies": [
            "module.vpc.aws_vpc.this",
            "module.vpc.aws_vpc_ipv4_cidr_block_association.this",
            "data.aws_availability_zones.available"
          ]
        }
      ]
    },
    {
      "module": "module.vpc",
      "mode": "managed",
      "type": "aws_vpc",
      "name": "this",
      "provider": "provider[\"registry.terraform.io/hashicorp/aws\"]",
      "instances": [
        {
          "index_key": 0,
          "schema_version": 1,
          "attributes": {
            "arn": "arn:aws:ec2:us-west-2:745193994333:vpc/vpc-05ab099c71cb847ae",
            "assign_generated_ipv6_cidr_block": false,
            "cidr_block": "192.168.0.0/16",
            "default_network_acl_id": "acl-0c9933d170c26c451",
            "default_route_table_id": "rtb-0178e0b37c5192e89",
            "default_security_group_id": "sg-01a2a6804e90bfe1c",
            "dhcp_options_id": "dopt-2787b15f",
            "enable_classiclink": false,
            "enable_classiclink_dns_support": false,
            "enable_dns_hostnames": false,
            "enable_dns_support": true,
            "id": "vpc-05ab099c71cb847ae",
            "instance_tenancy": "default",
            "ipv4_ipam_pool_id": null,
            "ipv4_netmask_length": null,
            "ipv6_association_id": "",
            "ipv6_cidr_block": "",
            "ipv6_cidr_block_network_border_group": null,
            "ipv6_ipam_pool_id": null,
            "ipv6_netmask_length": null,
            "main_route_table_id": "rtb-0178e0b37c5192e89",
            "owner_id": "745193994333",
            "tags": {
              "Name": "SimpleGoApp"
            },
            "tags_all": {
              "Name": "SimpleGoApp",
              "Stack": "SimpleGoApp",
              "Terraform": "true",
              "WorkspaceName": "dev"
            }
          },
          "sensitive_attributes": [],
          "private": "eyJzY2hlbWFfdmVyc2lvbiI6IjEifQ==",
          "create_before_destroy": true
        }
      ]
    }
  ]
}
